// !$*UTF8*$!
{
	archiveVersion = 1;
	classes = {
	};
	objectVersion = 51;
	objects = {

/* Begin PBXBuildFile section */
		45363B1EFF03B0AA87B5B899 /* Pods_ChatSampleSwift.framework in Frameworks */ = {isa = PBXBuildFile; fileRef = 34EB685FB9D6316F69BFBAB5 /* Pods_ChatSampleSwift.framework */; };
		513524EC21D0F6E5003ADD70 /* SampleAvatarItem.swift in Sources */ = {isa = PBXBuildFile; fileRef = 513524EB21D0F6E5003ADD70 /* SampleAvatarItem.swift */; };
		5142689422C21FC7007FCA7F /* notification.caf in Resources */ = {isa = PBXBuildFile; fileRef = 514267F922C21FC6007FCA7F /* notification.caf */; };
		5142689522C21FC7007FCA7F /* video_icon@2x.png in Resources */ = {isa = PBXBuildFile; fileRef = 514267FB22C21FC6007FCA7F /* video_icon@2x.png */; };
		5142689622C21FC7007FCA7F /* microphone@2x.png in Resources */ = {isa = PBXBuildFile; fileRef = 514267FC22C21FC6007FCA7F /* microphone@2x.png */; };
		5142689722C21FC7007FCA7F /* ModernContactListAddMemberIcon@3x.png in Resources */ = {isa = PBXBuildFile; fileRef = 514267FD22C21FC6007FCA7F /* ModernContactListAddMemberIcon@3x.png */; };
		5142689822C21FC7007FCA7F /* StickersGroupCross@2x.png in Resources */ = {isa = PBXBuildFile; fileRef = 514267FE22C21FC6007FCA7F /* StickersGroupCross@2x.png */; };
		5142689922C21FC7007FCA7F /* LocationPinIcon@3x.png in Resources */ = {isa = PBXBuildFile; fileRef = 514267FF22C21FC6007FCA7F /* LocationPinIcon@3x.png */; };
		5142689A22C21FC7007FCA7F /* LocationMessagePinSmallBackground@2x.png in Resources */ = {isa = PBXBuildFile; fileRef = 5142680022C21FC6007FCA7F /* LocationMessagePinSmallBackground@2x.png */; };
		5142689B22C21FC7007FCA7F /* message_tick@3x.png in Resources */ = {isa = PBXBuildFile; fileRef = 5142680122C21FC6007FCA7F /* message_tick@3x.png */; };
		5142689C22C21FC7007FCA7F /* play_icon@3x.png in Resources */ = {isa = PBXBuildFile; fileRef = 5142680222C21FC6007FCA7F /* play_icon@3x.png */; };
		5142689D22C21FC7007FCA7F /* InstantViewCheck@3x.png in Resources */ = {isa = PBXBuildFile; fileRef = 5142680322C21FC6007FCA7F /* InstantViewCheck@3x.png */; };
		5142689E22C21FC7007FCA7F /* StickerPackNotFoundIcon@2x.png in Resources */ = {isa = PBXBuildFile; fileRef = 5142680422C21FC6007FCA7F /* StickerPackNotFoundIcon@2x.png */; };
		5142689F22C21FC7007FCA7F /* slider_thumb@3x.png in Resources */ = {isa = PBXBuildFile; fileRef = 5142680522C21FC6007FCA7F /* slider_thumb@3x.png */; };
		514268A022C21FC7007FCA7F /* slider_thumb@2x.png in Resources */ = {isa = PBXBuildFile; fileRef = 5142680622C21FC6007FCA7F /* slider_thumb@2x.png */; };
		514268A122C21FC7007FCA7F /* StickerPackNotFoundIcon@3x.png in Resources */ = {isa = PBXBuildFile; fileRef = 5142680722C21FC6007FCA7F /* StickerPackNotFoundIcon@3x.png */; };
		514268A222C21FC7007FCA7F /* play_icon@2x.png in Resources */ = {isa = PBXBuildFile; fileRef = 5142680822C21FC6007FCA7F /* play_icon@2x.png */; };
		514268A322C21FC7007FCA7F /* InstantViewCheck@2x.png in Resources */ = {isa = PBXBuildFile; fileRef = 5142680922C21FC6007FCA7F /* InstantViewCheck@2x.png */; };
		514268A422C21FC7007FCA7F /* message_tick@2x.png in Resources */ = {isa = PBXBuildFile; fileRef = 5142680A22C21FC6007FCA7F /* message_tick@2x.png */; };
		514268A522C21FC7007FCA7F /* LocationMessagePinSmallBackground@3x.png in Resources */ = {isa = PBXBuildFile; fileRef = 5142680B22C21FC6007FCA7F /* LocationMessagePinSmallBackground@3x.png */; };
		514268A622C21FC7007FCA7F /* StickersGroupCross@3x.png in Resources */ = {isa = PBXBuildFile; fileRef = 5142680C22C21FC6007FCA7F /* StickersGroupCross@3x.png */; };
		514268A722C21FC7007FCA7F /* LocationPinIcon@2x.png in Resources */ = {isa = PBXBuildFile; fileRef = 5142680D22C21FC6007FCA7F /* LocationPinIcon@2x.png */; };
		514268A822C21FC7007FCA7F /* ModernContactListAddMemberIcon@2x.png in Resources */ = {isa = PBXBuildFile; fileRef = 5142680E22C21FC6007FCA7F /* ModernContactListAddMemberIcon@2x.png */; };
		514268A922C21FC7007FCA7F /* microphone@3x.png in Resources */ = {isa = PBXBuildFile; fileRef = 5142680F22C21FC6007FCA7F /* microphone@3x.png */; };
		514268AA22C21FC7007FCA7F /* video_icon@3x.png in Resources */ = {isa = PBXBuildFile; fileRef = 5142681022C21FC6007FCA7F /* video_icon@3x.png */; };
		514268AB22C21FC7007FCA7F /* chat_background.jpg in Resources */ = {isa = PBXBuildFile; fileRef = 5142681122C21FC6007FCA7F /* chat_background.jpg */; };
		514268AC22C21FC7007FCA7F /* ModernContactSelectionChecked.png in Resources */ = {isa = PBXBuildFile; fileRef = 5142681222C21FC6007FCA7F /* ModernContactSelectionChecked.png */; };
		514268AD22C21FC7007FCA7F /* ModernContactSelectionChecked@2x.png in Resources */ = {isa = PBXBuildFile; fileRef = 5142681322C21FC6007FCA7F /* ModernContactSelectionChecked@2x.png */; };
		514268AE22C21FC7007FCA7F /* ConversationInputFieldKeyboardIcon@3x.png in Resources */ = {isa = PBXBuildFile; fileRef = 5142681422C21FC6007FCA7F /* ConversationInputFieldKeyboardIcon@3x.png */; };
		514268AF22C21FC7007FCA7F /* download_icon@3x.png in Resources */ = {isa = PBXBuildFile; fileRef = 5142681522C21FC6007FCA7F /* download_icon@3x.png */; };
		514268B022C21FC7007FCA7F /* PinLocation@3x.png in Resources */ = {isa = PBXBuildFile; fileRef = 5142681622C21FC6007FCA7F /* PinLocation@3x.png */; };
		514268B122C21FC7007FCA7F /* PhotoPickerSendIcon@2x.png in Resources */ = {isa = PBXBuildFile; fileRef = 5142681722C21FC6007FCA7F /* PhotoPickerSendIcon@2x.png */; };
		514268B222C21FC7007FCA7F /* PhotoPickerSendIcon@3x.png in Resources */ = {isa = PBXBuildFile; fileRef = 5142681822C21FC6007FCA7F /* PhotoPickerSendIcon@3x.png */; };
		514268B322C21FC7007FCA7F /* PinLocation@2x.png in Resources */ = {isa = PBXBuildFile; fileRef = 5142681922C21FC6007FCA7F /* PinLocation@2x.png */; };
		514268B422C21FC7007FCA7F /* download_icon@2x.png in Resources */ = {isa = PBXBuildFile; fileRef = 5142681A22C21FC6007FCA7F /* download_icon@2x.png */; };
		514268B522C21FC7007FCA7F /* ConversationInputFieldKeyboardIcon@2x.png in Resources */ = {isa = PBXBuildFile; fileRef = 5142681B22C21FC6007FCA7F /* ConversationInputFieldKeyboardIcon@2x.png */; };
		514268B622C21FC7007FCA7F /* ModernContactSelectionEmpty.png in Resources */ = {isa = PBXBuildFile; fileRef = 5142681C22C21FC6007FCA7F /* ModernContactSelectionEmpty.png */; };
		514268B722C21FC7007FCA7F /* ModernConversationSend@2x.png in Resources */ = {isa = PBXBuildFile; fileRef = 5142681D22C21FC6007FCA7F /* ModernConversationSend@2x.png */; };
		514268B822C21FC7007FCA7F /* Point@2x.png in Resources */ = {isa = PBXBuildFile; fileRef = 5142681E22C21FC6007FCA7F /* Point@2x.png */; };
		514268B922C21FC7007FCA7F /* LocationInfo@3x.png in Resources */ = {isa = PBXBuildFile; fileRef = 5142681F22C21FC6007FCA7F /* LocationInfo@3x.png */; };
		514268BA22C21FC7007FCA7F /* keyboard_icon@2x.png in Resources */ = {isa = PBXBuildFile; fileRef = 5142682022C21FC6007FCA7F /* keyboard_icon@2x.png */; };
		514268BB22C21FC7007FCA7F /* stickers@3x.png in Resources */ = {isa = PBXBuildFile; fileRef = 5142682122C21FC6007FCA7F /* stickers@3x.png */; };
		514268BC22C21FC7007FCA7F /* search_icon@3x.png in Resources */ = {isa = PBXBuildFile; fileRef = 5142682222C21FC6007FCA7F /* search_icon@3x.png */; };
		514268BD22C21FC7007FCA7F /* PaintStickersIcon@3x.png in Resources */ = {isa = PBXBuildFile; fileRef = 5142682322C21FC6007FCA7F /* PaintStickersIcon@3x.png */; };
		514268BE22C21FC7007FCA7F /* message_status_sending@3x.png in Resources */ = {isa = PBXBuildFile; fileRef = 5142682422C21FC6007FCA7F /* message_status_sending@3x.png */; };
		514268BF22C21FC7007FCA7F /* message_status_error@3x.png in Resources */ = {isa = PBXBuildFile; fileRef = 5142682522C21FC6007FCA7F /* message_status_error@3x.png */; };
		514268C022C21FC7007FCA7F /* attachement@2x.png in Resources */ = {isa = PBXBuildFile; fileRef = 5142682622C21FC6007FCA7F /* attachement@2x.png */; };
		514268C122C21FC7007FCA7F /* attachement@3x.png in Resources */ = {isa = PBXBuildFile; fileRef = 5142682722C21FC6007FCA7F /* attachement@3x.png */; };
		514268C222C21FC7007FCA7F /* message_status_error@2x.png in Resources */ = {isa = PBXBuildFile; fileRef = 5142682822C21FC6007FCA7F /* message_status_error@2x.png */; };
		514268C322C21FC7007FCA7F /* message_status_sending@2x.png in Resources */ = {isa = PBXBuildFile; fileRef = 5142682922C21FC6007FCA7F /* message_status_sending@2x.png */; };
		514268C422C21FC7007FCA7F /* PaintStickersIcon@2x.png in Resources */ = {isa = PBXBuildFile; fileRef = 5142682A22C21FC6007FCA7F /* PaintStickersIcon@2x.png */; };
		514268C522C21FC7007FCA7F /* search_icon@2x.png in Resources */ = {isa = PBXBuildFile; fileRef = 5142682B22C21FC6007FCA7F /* search_icon@2x.png */; };
		514268C622C21FC7007FCA7F /* stickers@2x.png in Resources */ = {isa = PBXBuildFile; fileRef = 5142682C22C21FC6007FCA7F /* stickers@2x.png */; };
		514268C722C21FC7007FCA7F /* LocationInfo@2x.png in Resources */ = {isa = PBXBuildFile; fileRef = 5142682D22C21FC6007FCA7F /* LocationInfo@2x.png */; };
		514268C822C21FC7007FCA7F /* keyboard_icon@3x.png in Resources */ = {isa = PBXBuildFile; fileRef = 5142682E22C21FC6007FCA7F /* keyboard_icon@3x.png */; };
		514268C922C21FC7007FCA7F /* ModernConversationSend@3x.png in Resources */ = {isa = PBXBuildFile; fileRef = 5142682F22C21FC6007FCA7F /* ModernConversationSend@3x.png */; };
		514268CA22C21FC7007FCA7F /* Point@3x.png in Resources */ = {isa = PBXBuildFile; fileRef = 5142683022C21FC6007FCA7F /* Point@3x.png */; };
		514268CB22C21FC7007FCA7F /* InstantViewMoreIcon@2x.png in Resources */ = {isa = PBXBuildFile; fileRef = 5142683122C21FC6007FCA7F /* InstantViewMoreIcon@2x.png */; };
		514268CC22C21FC7007FCA7F /* TrackingLocation@2x.png in Resources */ = {isa = PBXBuildFile; fileRef = 5142683222C21FC6007FCA7F /* TrackingLocation@2x.png */; };
		514268CD22C21FC7007FCA7F /* StickersPlaceholderIcon@3x.png in Resources */ = {isa = PBXBuildFile; fileRef = 5142683322C21FC6007FCA7F /* StickersPlaceholderIcon@3x.png */; };
		514268CE22C21FC7007FCA7F /* TempAudioPreviewPlay@2x.png in Resources */ = {isa = PBXBuildFile; fileRef = 5142683422C21FC6007FCA7F /* TempAudioPreviewPlay@2x.png */; };
		514268CF22C21FC7007FCA7F /* TempAudioPreviewPause@3x.png in Resources */ = {isa = PBXBuildFile; fileRef = 5142683522C21FC6007FCA7F /* TempAudioPreviewPause@3x.png */; };
		514268D022C21FC7007FCA7F /* message_double_tick@2x.png in Resources */ = {isa = PBXBuildFile; fileRef = 5142683622C21FC6007FCA7F /* message_double_tick@2x.png */; };
		514268D122C21FC7007FCA7F /* StickerKeyboardTrendingIcon@3x.png in Resources */ = {isa = PBXBuildFile; fileRef = 5142683722C21FC6007FCA7F /* StickerKeyboardTrendingIcon@3x.png */; };
		514268D222C21FC7007FCA7F /* TrackingLocationOff@2x.png in Resources */ = {isa = PBXBuildFile; fileRef = 5142683822C21FC6007FCA7F /* TrackingLocationOff@2x.png */; };
		514268D322C21FC7007FCA7F /* ConversationClearIcon@2x.png in Resources */ = {isa = PBXBuildFile; fileRef = 5142683922C21FC6007FCA7F /* ConversationClearIcon@2x.png */; };
		514268D422C21FC7007FCA7F /* ConversationClearIcon@3x.png in Resources */ = {isa = PBXBuildFile; fileRef = 5142683A22C21FC6007FCA7F /* ConversationClearIcon@3x.png */; };
		514268D522C21FC7007FCA7F /* ModernContactSelectionEmpty@2x.png in Resources */ = {isa = PBXBuildFile; fileRef = 5142683B22C21FC6007FCA7F /* ModernContactSelectionEmpty@2x.png */; };
		514268D622C21FC7007FCA7F /* TrackingLocationOff@3x.png in Resources */ = {isa = PBXBuildFile; fileRef = 5142683C22C21FC6007FCA7F /* TrackingLocationOff@3x.png */; };
		514268D722C21FC7007FCA7F /* StickerKeyboardTrendingIcon@2x.png in Resources */ = {isa = PBXBuildFile; fileRef = 5142683D22C21FC6007FCA7F /* StickerKeyboardTrendingIcon@2x.png */; };
		514268D822C21FC7007FCA7F /* message_double_tick@3x.png in Resources */ = {isa = PBXBuildFile; fileRef = 5142683E22C21FC6007FCA7F /* message_double_tick@3x.png */; };
		514268D922C21FC7007FCA7F /* TempAudioPreviewPause@2x.png in Resources */ = {isa = PBXBuildFile; fileRef = 5142683F22C21FC6007FCA7F /* TempAudioPreviewPause@2x.png */; };
		514268DA22C21FC7007FCA7F /* TempAudioPreviewPlay@3x.png in Resources */ = {isa = PBXBuildFile; fileRef = 5142684022C21FC6007FCA7F /* TempAudioPreviewPlay@3x.png */; };
		514268DB22C21FC7007FCA7F /* StickersPlaceholderIcon@2x.png in Resources */ = {isa = PBXBuildFile; fileRef = 5142684122C21FC6007FCA7F /* StickersPlaceholderIcon@2x.png */; };
		514268DC22C21FC7007FCA7F /* TrackingLocation@3x.png in Resources */ = {isa = PBXBuildFile; fileRef = 5142684222C21FC6007FCA7F /* TrackingLocation@3x.png */; };
		514268DD22C21FC7007FCA7F /* InstantViewMoreIcon@3x.png in Resources */ = {isa = PBXBuildFile; fileRef = 5142684322C21FC6007FCA7F /* InstantViewMoreIcon@3x.png */; };
		514268DE22C21FC7007FCA7F /* STESTickerPackage.swift in Sources */ = {isa = PBXBuildFile; fileRef = 5142684522C21FC6007FCA7F /* STESTickerPackage.swift */; };
		514268DF22C21FC7007FCA7F /* STEVCard.swift in Sources */ = {isa = PBXBuildFile; fileRef = 5142684622C21FC6007FCA7F /* STEVCard.swift */; };
		514268E022C21FC7007FCA7F /* STEAvatarData.swift in Sources */ = {isa = PBXBuildFile; fileRef = 5142684722C21FC6007FCA7F /* STEAvatarData.swift */; };
		514268E122C21FC7007FCA7F /* STEUIColor+Extensions.swift in Sources */ = {isa = PBXBuildFile; fileRef = 5142684922C21FC6007FCA7F /* STEUIColor+Extensions.swift */; };
		514268E222C21FC7007FCA7F /* STEUIImage+Extensions.swift in Sources */ = {isa = PBXBuildFile; fileRef = 5142684A22C21FC6007FCA7F /* STEUIImage+Extensions.swift */; };
		514268E322C21FC7007FCA7F /* STEUIScreenExtensions.swift in Sources */ = {isa = PBXBuildFile; fileRef = 5142684B22C21FC6007FCA7F /* STEUIScreenExtensions.swift */; };
		514268E422C21FC7007FCA7F /* STEAudioSession+Extensions.swift in Sources */ = {isa = PBXBuildFile; fileRef = 5142684C22C21FC6007FCA7F /* STEAudioSession+Extensions.swift */; };
		514268E522C21FC7007FCA7F /* STEUITableView+Extension.swift in Sources */ = {isa = PBXBuildFile; fileRef = 5142684D22C21FC6007FCA7F /* STEUITableView+Extension.swift */; };
		514268E622C21FC7007FCA7F /* STECollectionView+Extensions.swift in Sources */ = {isa = PBXBuildFile; fileRef = 5142684E22C21FC6007FCA7F /* STECollectionView+Extensions.swift */; };
		514268E722C21FC7007FCA7F /* STEArray+Extensions.swift in Sources */ = {isa = PBXBuildFile; fileRef = 5142684F22C21FC6007FCA7F /* STEArray+Extensions.swift */; };
		514268E822C21FC7007FCA7F /* STEString+Extensions.swift in Sources */ = {isa = PBXBuildFile; fileRef = 5142685022C21FC6007FCA7F /* STEString+Extensions.swift */; };
		514268E922C21FC7007FCA7F /* STEUIView+Extensions.swift in Sources */ = {isa = PBXBuildFile; fileRef = 5142685122C21FC6007FCA7F /* STEUIView+Extensions.swift */; };
		514268EA22C21FC7007FCA7F /* STECommon.swift in Sources */ = {isa = PBXBuildFile; fileRef = 5142685422C21FC6007FCA7F /* STECommon.swift */; };
		514268EB22C21FC7007FCA7F /* STEMessagingUtilities.swift in Sources */ = {isa = PBXBuildFile; fileRef = 5142685522C21FC6007FCA7F /* STEMessagingUtilities.swift */; };
		514268EC22C21FC7007FCA7F /* STEUtils.swift in Sources */ = {isa = PBXBuildFile; fileRef = 5142685622C21FC6007FCA7F /* STEUtils.swift */; };
		514268ED22C21FC7007FCA7F /* AVAudioSession+Swift.m in Sources */ = {isa = PBXBuildFile; fileRef = 5142685722C21FC6007FCA7F /* AVAudioSession+Swift.m */; };
		514268EE22C21FC7007FCA7F /* STETapGestureRecognizer.swift in Sources */ = {isa = PBXBuildFile; fileRef = 5142685822C21FC6007FCA7F /* STETapGestureRecognizer.swift */; };
		514268EF22C21FC7007FCA7F /* STEContactTableViewController.swift in Sources */ = {isa = PBXBuildFile; fileRef = 5142685A22C21FC6007FCA7F /* STEContactTableViewController.swift */; };
		514268F022C21FC7007FCA7F /* STEMediaSourceCollectionViewController.swift in Sources */ = {isa = PBXBuildFile; fileRef = 5142685B22C21FC6007FCA7F /* STEMediaSourceCollectionViewController.swift */; };
		514268F122C21FC7007FCA7F /* STEAudioViewController.swift in Sources */ = {isa = PBXBuildFile; fileRef = 5142685C22C21FC6007FCA7F /* STEAudioViewController.swift */; };
		514268F222C21FC7007FCA7F /* STEConversationListViewController.swift in Sources */ = {isa = PBXBuildFile; fileRef = 5142685E22C21FC6007FCA7F /* STEConversationListViewController.swift */; };
		514268F322C21FC7007FCA7F /* STELocationViewController.swift in Sources */ = {isa = PBXBuildFile; fileRef = 5142685F22C21FC6007FCA7F /* STELocationViewController.swift */; };
		514268F422C21FC7007FCA7F /* STEPlayerManager.swift in Sources */ = {isa = PBXBuildFile; fileRef = 5142686022C21FC6007FCA7F /* STEPlayerManager.swift */; };
		514268F522C21FC7007FCA7F /* STEDetailContactTableViewController.swift in Sources */ = {isa = PBXBuildFile; fileRef = 5142686122C21FC6007FCA7F /* STEDetailContactTableViewController.swift */; };
		514268F622C21FC7007FCA7F /* STEContactManager.swift in Sources */ = {isa = PBXBuildFile; fileRef = 5142686222C21FC6007FCA7F /* STEContactManager.swift */; };
		514268F722C21FC7007FCA7F /* STEDataManager.swift in Sources */ = {isa = PBXBuildFile; fileRef = 5142686322C21FC6007FCA7F /* STEDataManager.swift */; };
		514268F822C21FC7007FCA7F /* STEStickerManager.swift in Sources */ = {isa = PBXBuildFile; fileRef = 5142686422C21FC6007FCA7F /* STEStickerManager.swift */; };
		514268F922C21FC7007FCA7F /* STEBaseConversationViewController.swift in Sources */ = {isa = PBXBuildFile; fileRef = 5142686622C21FC6007FCA7F /* STEBaseConversationViewController.swift */; };
		514268FA22C21FC7007FCA7F /* STEConversationViewController.swift in Sources */ = {isa = PBXBuildFile; fileRef = 5142686722C21FC6007FCA7F /* STEConversationViewController.swift */; };
		514268FB22C21FC7007FCA7F /* STEContactTableViewCell.xib in Resources */ = {isa = PBXBuildFile; fileRef = 5142686922C21FC6007FCA7F /* STEContactTableViewCell.xib */; };
		514268FC22C21FC7007FCA7F /* STEConversationTableViewCell.swift in Sources */ = {isa = PBXBuildFile; fileRef = 5142686B22C21FC6007FCA7F /* STEConversationTableViewCell.swift */; };
		514268FD22C21FC7007FCA7F /* STELoadMoreActivityIndicator.swift in Sources */ = {isa = PBXBuildFile; fileRef = 5142686C22C21FC6007FCA7F /* STELoadMoreActivityIndicator.swift */; };
		514268FE22C21FC7007FCA7F /* STEMediaSourceCollectionViewCell.swift in Sources */ = {isa = PBXBuildFile; fileRef = 5142686D22C21FC6007FCA7F /* STEMediaSourceCollectionViewCell.swift */; };
		514268FF22C21FC7007FCA7F /* STERecordButton.swift in Sources */ = {isa = PBXBuildFile; fileRef = 5142686E22C21FC6007FCA7F /* STERecordButton.swift */; };
		5142690022C21FC7007FCA7F /* STEContactTableViewCell.swift in Sources */ = {isa = PBXBuildFile; fileRef = 5142686F22C21FC6007FCA7F /* STEContactTableViewCell.swift */; };
		5142690122C21FC7007FCA7F /* STESkeletonView.swift in Sources */ = {isa = PBXBuildFile; fileRef = 5142687022C21FC6007FCA7F /* STESkeletonView.swift */; };
		5142690222C21FC7007FCA7F /* STEAvatarView.swift in Sources */ = {isa = PBXBuildFile; fileRef = 5142687122C21FC6007FCA7F /* STEAvatarView.swift */; };
		5142690322C21FC7007FCA7F /* STEConversationCollectionView.swift in Sources */ = {isa = PBXBuildFile; fileRef = 5142687322C21FC6007FCA7F /* STEConversationCollectionView.swift */; };
		5142690422C21FC7007FCA7F /* STEStickerMessageCollectionViewCell.swift in Sources */ = {isa = PBXBuildFile; fileRef = 5142687522C21FC6007FCA7F /* STEStickerMessageCollectionViewCell.swift */; };
		5142690522C21FC7007FCA7F /* STEMessageStatusView.swift in Sources */ = {isa = PBXBuildFile; fileRef = 5142687622C21FC6007FCA7F /* STEMessageStatusView.swift */; };
		5142690622C21FC7007FCA7F /* STEBaseCollectionViewCell.swift in Sources */ = {isa = PBXBuildFile; fileRef = 5142687722C21FC6007FCA7F /* STEBaseCollectionViewCell.swift */; };
		5142690722C21FC7007FCA7F /* STEFileCollectionViewCell.swift in Sources */ = {isa = PBXBuildFile; fileRef = 5142687822C21FC6007FCA7F /* STEFileCollectionViewCell.swift */; };
		5142690822C21FC7007FCA7F /* STEMessageBubbleView.swift in Sources */ = {isa = PBXBuildFile; fileRef = 5142687922C21FC6007FCA7F /* STEMessageBubbleView.swift */; };
		5142690922C21FC7007FCA7F /* STETextCollectionViewCell.swift in Sources */ = {isa = PBXBuildFile; fileRef = 5142687A22C21FC6007FCA7F /* STETextCollectionViewCell.swift */; };
		5142690A22C21FC7007FCA7F /* STEPhotoCollectionViewCell.swift in Sources */ = {isa = PBXBuildFile; fileRef = 5142687B22C21FC6007FCA7F /* STEPhotoCollectionViewCell.swift */; };
		5142690B22C21FC7007FCA7F /* STENotifyCollectionViewCell.swift in Sources */ = {isa = PBXBuildFile; fileRef = 5142687C22C21FC6007FCA7F /* STENotifyCollectionViewCell.swift */; };
		5142690C22C21FC7007FCA7F /* STEVideoCollectionViewCell.swift in Sources */ = {isa = PBXBuildFile; fileRef = 5142687D22C21FC6007FCA7F /* STEVideoCollectionViewCell.swift */; };
		5142690D22C21FC7007FCA7F /* STELocationCollectionViewCell.swift in Sources */ = {isa = PBXBuildFile; fileRef = 5142687E22C21FC6007FCA7F /* STELocationCollectionViewCell.swift */; };
		5142690E22C21FC7007FCA7F /* STEAudioCollectionViewCell.swift in Sources */ = {isa = PBXBuildFile; fileRef = 5142687F22C21FC6007FCA7F /* STEAudioCollectionViewCell.swift */; };
		5142690F22C21FC7007FCA7F /* STEContactCollectionViewCell.swift in Sources */ = {isa = PBXBuildFile; fileRef = 5142688022C21FC6007FCA7F /* STEContactCollectionViewCell.swift */; };
		5142691022C21FC7007FCA7F /* STECollectionReusableViewHeaderView.swift in Sources */ = {isa = PBXBuildFile; fileRef = 5142688122C21FC6007FCA7F /* STECollectionReusableViewHeaderView.swift */; };
		5142691122C21FC7007FCA7F /* STEMessageComposeTextView.swift in Sources */ = {isa = PBXBuildFile; fileRef = 5142688222C21FC6007FCA7F /* STEMessageComposeTextView.swift */; };
		5142691222C21FC7007FCA7F /* STEConversationView.swift in Sources */ = {isa = PBXBuildFile; fileRef = 5142688322C21FC6007FCA7F /* STEConversationView.swift */; };
		5142691322C21FC7007FCA7F /* STEPagingViewController.swift in Sources */ = {isa = PBXBuildFile; fileRef = 5142688522C21FC6007FCA7F /* STEPagingViewController.swift */; };
		5142691422C21FC7007FCA7F /* IconPagingCell.swift in Sources */ = {isa = PBXBuildFile; fileRef = 5142688622C21FC6007FCA7F /* IconPagingCell.swift */; };
		5142691522C21FC7007FCA7F /* UIColor+interpolation.swift in Sources */ = {isa = PBXBuildFile; fileRef = 5142688722C21FC6007FCA7F /* UIColor+interpolation.swift */; };
		5142691622C21FC7007FCA7F /* STEStickerPackageViewController.swift in Sources */ = {isa = PBXBuildFile; fileRef = 5142688822C21FC6007FCA7F /* STEStickerPackageViewController.swift */; };
		5142691722C21FC7007FCA7F /* IconItem.swift in Sources */ = {isa = PBXBuildFile; fileRef = 5142688922C21FC6007FCA7F /* IconItem.swift */; };
		5142691822C21FC7007FCA7F /* STEStickerCollectionViewCell.swift in Sources */ = {isa = PBXBuildFile; fileRef = 5142688A22C21FC6007FCA7F /* STEStickerCollectionViewCell.swift */; };
		5142691922C21FC7007FCA7F /* STEStickerViewController.swift in Sources */ = {isa = PBXBuildFile; fileRef = 5142688B22C21FC6007FCA7F /* STEStickerViewController.swift */; };
		5142691A22C21FC7007FCA7F /* STEStickerPackageTableViewCell.swift in Sources */ = {isa = PBXBuildFile; fileRef = 5142688C22C21FC6007FCA7F /* STEStickerPackageTableViewCell.swift */; };
		5142691B22C21FC7007FCA7F /* STEObservingInputAccessoryView.swift in Sources */ = {isa = PBXBuildFile; fileRef = 5142688D22C21FC6007FCA7F /* STEObservingInputAccessoryView.swift */; };
		5142691C22C21FC7007FCA7F /* STEProgressView.swift in Sources */ = {isa = PBXBuildFile; fileRef = 5142688E22C21FC6007FCA7F /* STEProgressView.swift */; };
		5142691D22C21FC7007FCA7F /* STEMessageInputToolbar.swift in Sources */ = {isa = PBXBuildFile; fileRef = 5142688F22C21FC6007FCA7F /* STEMessageInputToolbar.swift */; };
		5142691E22C21FC7007FCA7F /* STEMessagePresenting.swift in Sources */ = {isa = PBXBuildFile; fileRef = 5142689122C21FC6007FCA7F /* STEMessagePresenting.swift */; };
		5142691F22C21FC7007FCA7F /* STEAvatarItem.swift in Sources */ = {isa = PBXBuildFile; fileRef = 5142689222C21FC6007FCA7F /* STEAvatarItem.swift */; };
		5142692022C21FC7007FCA7F /* STEConversationPresenting.swift in Sources */ = {isa = PBXBuildFile; fileRef = 5142689322C21FC6007FCA7F /* STEConversationPresenting.swift */; };
		516CE0D521C7808D000D2A11 /* AppDelegate.swift in Sources */ = {isa = PBXBuildFile; fileRef = 516CE0D421C7808D000D2A11 /* AppDelegate.swift */; };
		516CE0DA21C7808D000D2A11 /* Main.storyboard in Resources */ = {isa = PBXBuildFile; fileRef = 516CE0D821C7808D000D2A11 /* Main.storyboard */; };
		516CE0DC21C7808E000D2A11 /* Assets.xcassets in Resources */ = {isa = PBXBuildFile; fileRef = 516CE0DB21C7808E000D2A11 /* Assets.xcassets */; };
		516CE0DF21C7808E000D2A11 /* LaunchScreen.storyboard in Resources */ = {isa = PBXBuildFile; fileRef = 516CE0DD21C7808E000D2A11 /* LaunchScreen.storyboard */; };
		516CE0EE21C78273000D2A11 /* StringeeImplement.swift in Sources */ = {isa = PBXBuildFile; fileRef = 516CE0ED21C78273000D2A11 /* StringeeImplement.swift */; };
		516CE0F021C785E1000D2A11 /* Stringee.framework in Frameworks */ = {isa = PBXBuildFile; fileRef = 516CE0EF21C785E1000D2A11 /* Stringee.framework */; };
		516CE0F321C7874E000D2A11 /* libc++.tbd in Frameworks */ = {isa = PBXBuildFile; fileRef = 516CE0F221C7874E000D2A11 /* libc++.tbd */; };
		516CE0F521C78759000D2A11 /* libicucore.tbd in Frameworks */ = {isa = PBXBuildFile; fileRef = 516CE0F421C78758000D2A11 /* libicucore.tbd */; };
		516CE0F721C7875D000D2A11 /* GLKit.framework in Frameworks */ = {isa = PBXBuildFile; fileRef = 516CE0F621C7875D000D2A11 /* GLKit.framework */; };
		516CE0F921C78767000D2A11 /* VideoToolbox.framework in Frameworks */ = {isa = PBXBuildFile; fileRef = 516CE0F821C78767000D2A11 /* VideoToolbox.framework */; };
		516CE0FB21C7876C000D2A11 /* AudioToolbox.framework in Frameworks */ = {isa = PBXBuildFile; fileRef = 516CE0FA21C7876C000D2A11 /* AudioToolbox.framework */; };
		516CE0FF21C7BB76000D2A11 /* SampleConversationListViewController.swift in Sources */ = {isa = PBXBuildFile; fileRef = 516CE0FE21C7BB76000D2A11 /* SampleConversationListViewController.swift */; };
		516CE10F21C7CF5A000D2A11 /* AppStateManager.swift in Sources */ = {isa = PBXBuildFile; fileRef = 516CE10E21C7CF5A000D2A11 /* AppStateManager.swift */; };
		51721C5E21DCDF7100A4B550 /* SampleConversationViewController.swift in Sources */ = {isa = PBXBuildFile; fileRef = 51721C5D21DCDF7100A4B550 /* SampleConversationViewController.swift */; };
/* End PBXBuildFile section */

/* Begin PBXFileReference section */
		34EB685FB9D6316F69BFBAB5 /* Pods_ChatSampleSwift.framework */ = {isa = PBXFileReference; explicitFileType = wrapper.framework; includeInIndex = 0; path = Pods_ChatSampleSwift.framework; sourceTree = BUILT_PRODUCTS_DIR; };
		513524EB21D0F6E5003ADD70 /* SampleAvatarItem.swift */ = {isa = PBXFileReference; lastKnownFileType = sourcecode.swift; path = SampleAvatarItem.swift; sourceTree = "<group>"; };
		514267F922C21FC6007FCA7F /* notification.caf */ = {isa = PBXFileReference; lastKnownFileType = file; path = notification.caf; sourceTree = "<group>"; };
		514267FB22C21FC6007FCA7F /* video_icon@2x.png */ = {isa = PBXFileReference; lastKnownFileType = image.png; path = "video_icon@2x.png"; sourceTree = "<group>"; };
		514267FC22C21FC6007FCA7F /* microphone@2x.png */ = {isa = PBXFileReference; lastKnownFileType = image.png; path = "microphone@2x.png"; sourceTree = "<group>"; };
		514267FD22C21FC6007FCA7F /* ModernContactListAddMemberIcon@3x.png */ = {isa = PBXFileReference; lastKnownFileType = image.png; path = "ModernContactListAddMemberIcon@3x.png"; sourceTree = "<group>"; };
		514267FE22C21FC6007FCA7F /* StickersGroupCross@2x.png */ = {isa = PBXFileReference; lastKnownFileType = image.png; path = "StickersGroupCross@2x.png"; sourceTree = "<group>"; };
		514267FF22C21FC6007FCA7F /* LocationPinIcon@3x.png */ = {isa = PBXFileReference; lastKnownFileType = image.png; path = "LocationPinIcon@3x.png"; sourceTree = "<group>"; };
		5142680022C21FC6007FCA7F /* LocationMessagePinSmallBackground@2x.png */ = {isa = PBXFileReference; lastKnownFileType = image.png; path = "LocationMessagePinSmallBackground@2x.png"; sourceTree = "<group>"; };
		5142680122C21FC6007FCA7F /* message_tick@3x.png */ = {isa = PBXFileReference; lastKnownFileType = image.png; path = "message_tick@3x.png"; sourceTree = "<group>"; };
		5142680222C21FC6007FCA7F /* play_icon@3x.png */ = {isa = PBXFileReference; lastKnownFileType = image.png; path = "play_icon@3x.png"; sourceTree = "<group>"; };
		5142680322C21FC6007FCA7F /* InstantViewCheck@3x.png */ = {isa = PBXFileReference; lastKnownFileType = image.png; path = "InstantViewCheck@3x.png"; sourceTree = "<group>"; };
		5142680422C21FC6007FCA7F /* StickerPackNotFoundIcon@2x.png */ = {isa = PBXFileReference; lastKnownFileType = image.png; path = "StickerPackNotFoundIcon@2x.png"; sourceTree = "<group>"; };
		5142680522C21FC6007FCA7F /* slider_thumb@3x.png */ = {isa = PBXFileReference; lastKnownFileType = image.png; path = "slider_thumb@3x.png"; sourceTree = "<group>"; };
		5142680622C21FC6007FCA7F /* slider_thumb@2x.png */ = {isa = PBXFileReference; lastKnownFileType = image.png; path = "slider_thumb@2x.png"; sourceTree = "<group>"; };
		5142680722C21FC6007FCA7F /* StickerPackNotFoundIcon@3x.png */ = {isa = PBXFileReference; lastKnownFileType = image.png; path = "StickerPackNotFoundIcon@3x.png"; sourceTree = "<group>"; };
		5142680822C21FC6007FCA7F /* play_icon@2x.png */ = {isa = PBXFileReference; lastKnownFileType = image.png; path = "play_icon@2x.png"; sourceTree = "<group>"; };
		5142680922C21FC6007FCA7F /* InstantViewCheck@2x.png */ = {isa = PBXFileReference; lastKnownFileType = image.png; path = "InstantViewCheck@2x.png"; sourceTree = "<group>"; };
		5142680A22C21FC6007FCA7F /* message_tick@2x.png */ = {isa = PBXFileReference; lastKnownFileType = image.png; path = "message_tick@2x.png"; sourceTree = "<group>"; };
		5142680B22C21FC6007FCA7F /* LocationMessagePinSmallBackground@3x.png */ = {isa = PBXFileReference; lastKnownFileType = image.png; path = "LocationMessagePinSmallBackground@3x.png"; sourceTree = "<group>"; };
		5142680C22C21FC6007FCA7F /* StickersGroupCross@3x.png */ = {isa = PBXFileReference; lastKnownFileType = image.png; path = "StickersGroupCross@3x.png"; sourceTree = "<group>"; };
		5142680D22C21FC6007FCA7F /* LocationPinIcon@2x.png */ = {isa = PBXFileReference; lastKnownFileType = image.png; path = "LocationPinIcon@2x.png"; sourceTree = "<group>"; };
		5142680E22C21FC6007FCA7F /* ModernContactListAddMemberIcon@2x.png */ = {isa = PBXFileReference; lastKnownFileType = image.png; path = "ModernContactListAddMemberIcon@2x.png"; sourceTree = "<group>"; };
		5142680F22C21FC6007FCA7F /* microphone@3x.png */ = {isa = PBXFileReference; lastKnownFileType = image.png; path = "microphone@3x.png"; sourceTree = "<group>"; };
		5142681022C21FC6007FCA7F /* video_icon@3x.png */ = {isa = PBXFileReference; lastKnownFileType = image.png; path = "video_icon@3x.png"; sourceTree = "<group>"; };
		5142681122C21FC6007FCA7F /* chat_background.jpg */ = {isa = PBXFileReference; lastKnownFileType = image.jpeg; path = chat_background.jpg; sourceTree = "<group>"; };
		5142681222C21FC6007FCA7F /* ModernContactSelectionChecked.png */ = {isa = PBXFileReference; lastKnownFileType = image.png; path = ModernContactSelectionChecked.png; sourceTree = "<group>"; };
		5142681322C21FC6007FCA7F /* ModernContactSelectionChecked@2x.png */ = {isa = PBXFileReference; lastKnownFileType = image.png; path = "ModernContactSelectionChecked@2x.png"; sourceTree = "<group>"; };
		5142681422C21FC6007FCA7F /* ConversationInputFieldKeyboardIcon@3x.png */ = {isa = PBXFileReference; lastKnownFileType = image.png; path = "ConversationInputFieldKeyboardIcon@3x.png"; sourceTree = "<group>"; };
		5142681522C21FC6007FCA7F /* download_icon@3x.png */ = {isa = PBXFileReference; lastKnownFileType = image.png; path = "download_icon@3x.png"; sourceTree = "<group>"; };
		5142681622C21FC6007FCA7F /* PinLocation@3x.png */ = {isa = PBXFileReference; lastKnownFileType = image.png; path = "PinLocation@3x.png"; sourceTree = "<group>"; };
		5142681722C21FC6007FCA7F /* PhotoPickerSendIcon@2x.png */ = {isa = PBXFileReference; lastKnownFileType = image.png; path = "PhotoPickerSendIcon@2x.png"; sourceTree = "<group>"; };
		5142681822C21FC6007FCA7F /* PhotoPickerSendIcon@3x.png */ = {isa = PBXFileReference; lastKnownFileType = image.png; path = "PhotoPickerSendIcon@3x.png"; sourceTree = "<group>"; };
		5142681922C21FC6007FCA7F /* PinLocation@2x.png */ = {isa = PBXFileReference; lastKnownFileType = image.png; path = "PinLocation@2x.png"; sourceTree = "<group>"; };
		5142681A22C21FC6007FCA7F /* download_icon@2x.png */ = {isa = PBXFileReference; lastKnownFileType = image.png; path = "download_icon@2x.png"; sourceTree = "<group>"; };
		5142681B22C21FC6007FCA7F /* ConversationInputFieldKeyboardIcon@2x.png */ = {isa = PBXFileReference; lastKnownFileType = image.png; path = "ConversationInputFieldKeyboardIcon@2x.png"; sourceTree = "<group>"; };
		5142681C22C21FC6007FCA7F /* ModernContactSelectionEmpty.png */ = {isa = PBXFileReference; lastKnownFileType = image.png; path = ModernContactSelectionEmpty.png; sourceTree = "<group>"; };
		5142681D22C21FC6007FCA7F /* ModernConversationSend@2x.png */ = {isa = PBXFileReference; lastKnownFileType = image.png; path = "ModernConversationSend@2x.png"; sourceTree = "<group>"; };
		5142681E22C21FC6007FCA7F /* Point@2x.png */ = {isa = PBXFileReference; lastKnownFileType = image.png; path = "Point@2x.png"; sourceTree = "<group>"; };
		5142681F22C21FC6007FCA7F /* LocationInfo@3x.png */ = {isa = PBXFileReference; lastKnownFileType = image.png; path = "LocationInfo@3x.png"; sourceTree = "<group>"; };
		5142682022C21FC6007FCA7F /* keyboard_icon@2x.png */ = {isa = PBXFileReference; lastKnownFileType = image.png; path = "keyboard_icon@2x.png"; sourceTree = "<group>"; };
		5142682122C21FC6007FCA7F /* stickers@3x.png */ = {isa = PBXFileReference; lastKnownFileType = image.png; path = "stickers@3x.png"; sourceTree = "<group>"; };
		5142682222C21FC6007FCA7F /* search_icon@3x.png */ = {isa = PBXFileReference; lastKnownFileType = image.png; path = "search_icon@3x.png"; sourceTree = "<group>"; };
		5142682322C21FC6007FCA7F /* PaintStickersIcon@3x.png */ = {isa = PBXFileReference; lastKnownFileType = image.png; path = "PaintStickersIcon@3x.png"; sourceTree = "<group>"; };
		5142682422C21FC6007FCA7F /* message_status_sending@3x.png */ = {isa = PBXFileReference; lastKnownFileType = image.png; path = "message_status_sending@3x.png"; sourceTree = "<group>"; };
		5142682522C21FC6007FCA7F /* message_status_error@3x.png */ = {isa = PBXFileReference; lastKnownFileType = image.png; path = "message_status_error@3x.png"; sourceTree = "<group>"; };
		5142682622C21FC6007FCA7F /* attachement@2x.png */ = {isa = PBXFileReference; lastKnownFileType = image.png; path = "attachement@2x.png"; sourceTree = "<group>"; };
		5142682722C21FC6007FCA7F /* attachement@3x.png */ = {isa = PBXFileReference; lastKnownFileType = image.png; path = "attachement@3x.png"; sourceTree = "<group>"; };
		5142682822C21FC6007FCA7F /* message_status_error@2x.png */ = {isa = PBXFileReference; lastKnownFileType = image.png; path = "message_status_error@2x.png"; sourceTree = "<group>"; };
		5142682922C21FC6007FCA7F /* message_status_sending@2x.png */ = {isa = PBXFileReference; lastKnownFileType = image.png; path = "message_status_sending@2x.png"; sourceTree = "<group>"; };
		5142682A22C21FC6007FCA7F /* PaintStickersIcon@2x.png */ = {isa = PBXFileReference; lastKnownFileType = image.png; path = "PaintStickersIcon@2x.png"; sourceTree = "<group>"; };
		5142682B22C21FC6007FCA7F /* search_icon@2x.png */ = {isa = PBXFileReference; lastKnownFileType = image.png; path = "search_icon@2x.png"; sourceTree = "<group>"; };
		5142682C22C21FC6007FCA7F /* stickers@2x.png */ = {isa = PBXFileReference; lastKnownFileType = image.png; path = "stickers@2x.png"; sourceTree = "<group>"; };
		5142682D22C21FC6007FCA7F /* LocationInfo@2x.png */ = {isa = PBXFileReference; lastKnownFileType = image.png; path = "LocationInfo@2x.png"; sourceTree = "<group>"; };
		5142682E22C21FC6007FCA7F /* keyboard_icon@3x.png */ = {isa = PBXFileReference; lastKnownFileType = image.png; path = "keyboard_icon@3x.png"; sourceTree = "<group>"; };
		5142682F22C21FC6007FCA7F /* ModernConversationSend@3x.png */ = {isa = PBXFileReference; lastKnownFileType = image.png; path = "ModernConversationSend@3x.png"; sourceTree = "<group>"; };
		5142683022C21FC6007FCA7F /* Point@3x.png */ = {isa = PBXFileReference; lastKnownFileType = image.png; path = "Point@3x.png"; sourceTree = "<group>"; };
		5142683122C21FC6007FCA7F /* InstantViewMoreIcon@2x.png */ = {isa = PBXFileReference; lastKnownFileType = image.png; path = "InstantViewMoreIcon@2x.png"; sourceTree = "<group>"; };
		5142683222C21FC6007FCA7F /* TrackingLocation@2x.png */ = {isa = PBXFileReference; lastKnownFileType = image.png; path = "TrackingLocation@2x.png"; sourceTree = "<group>"; };
		5142683322C21FC6007FCA7F /* StickersPlaceholderIcon@3x.png */ = {isa = PBXFileReference; lastKnownFileType = image.png; path = "StickersPlaceholderIcon@3x.png"; sourceTree = "<group>"; };
		5142683422C21FC6007FCA7F /* TempAudioPreviewPlay@2x.png */ = {isa = PBXFileReference; lastKnownFileType = image.png; path = "TempAudioPreviewPlay@2x.png"; sourceTree = "<group>"; };
		5142683522C21FC6007FCA7F /* TempAudioPreviewPause@3x.png */ = {isa = PBXFileReference; lastKnownFileType = image.png; path = "TempAudioPreviewPause@3x.png"; sourceTree = "<group>"; };
		5142683622C21FC6007FCA7F /* message_double_tick@2x.png */ = {isa = PBXFileReference; lastKnownFileType = image.png; path = "message_double_tick@2x.png"; sourceTree = "<group>"; };
		5142683722C21FC6007FCA7F /* StickerKeyboardTrendingIcon@3x.png */ = {isa = PBXFileReference; lastKnownFileType = image.png; path = "StickerKeyboardTrendingIcon@3x.png"; sourceTree = "<group>"; };
		5142683822C21FC6007FCA7F /* TrackingLocationOff@2x.png */ = {isa = PBXFileReference; lastKnownFileType = image.png; path = "TrackingLocationOff@2x.png"; sourceTree = "<group>"; };
		5142683922C21FC6007FCA7F /* ConversationClearIcon@2x.png */ = {isa = PBXFileReference; lastKnownFileType = image.png; path = "ConversationClearIcon@2x.png"; sourceTree = "<group>"; };
		5142683A22C21FC6007FCA7F /* ConversationClearIcon@3x.png */ = {isa = PBXFileReference; lastKnownFileType = image.png; path = "ConversationClearIcon@3x.png"; sourceTree = "<group>"; };
		5142683B22C21FC6007FCA7F /* ModernContactSelectionEmpty@2x.png */ = {isa = PBXFileReference; lastKnownFileType = image.png; path = "ModernContactSelectionEmpty@2x.png"; sourceTree = "<group>"; };
		5142683C22C21FC6007FCA7F /* TrackingLocationOff@3x.png */ = {isa = PBXFileReference; lastKnownFileType = image.png; path = "TrackingLocationOff@3x.png"; sourceTree = "<group>"; };
		5142683D22C21FC6007FCA7F /* StickerKeyboardTrendingIcon@2x.png */ = {isa = PBXFileReference; lastKnownFileType = image.png; path = "StickerKeyboardTrendingIcon@2x.png"; sourceTree = "<group>"; };
		5142683E22C21FC6007FCA7F /* message_double_tick@3x.png */ = {isa = PBXFileReference; lastKnownFileType = image.png; path = "message_double_tick@3x.png"; sourceTree = "<group>"; };
		5142683F22C21FC6007FCA7F /* TempAudioPreviewPause@2x.png */ = {isa = PBXFileReference; lastKnownFileType = image.png; path = "TempAudioPreviewPause@2x.png"; sourceTree = "<group>"; };
		5142684022C21FC6007FCA7F /* TempAudioPreviewPlay@3x.png */ = {isa = PBXFileReference; lastKnownFileType = image.png; path = "TempAudioPreviewPlay@3x.png"; sourceTree = "<group>"; };
		5142684122C21FC6007FCA7F /* StickersPlaceholderIcon@2x.png */ = {isa = PBXFileReference; lastKnownFileType = image.png; path = "StickersPlaceholderIcon@2x.png"; sourceTree = "<group>"; };
		5142684222C21FC6007FCA7F /* TrackingLocation@3x.png */ = {isa = PBXFileReference; lastKnownFileType = image.png; path = "TrackingLocation@3x.png"; sourceTree = "<group>"; };
		5142684322C21FC6007FCA7F /* InstantViewMoreIcon@3x.png */ = {isa = PBXFileReference; lastKnownFileType = image.png; path = "InstantViewMoreIcon@3x.png"; sourceTree = "<group>"; };
		5142684522C21FC6007FCA7F /* STESTickerPackage.swift */ = {isa = PBXFileReference; fileEncoding = 4; lastKnownFileType = sourcecode.swift; path = STESTickerPackage.swift; sourceTree = "<group>"; };
		5142684622C21FC6007FCA7F /* STEVCard.swift */ = {isa = PBXFileReference; fileEncoding = 4; lastKnownFileType = sourcecode.swift; path = STEVCard.swift; sourceTree = "<group>"; };
		5142684722C21FC6007FCA7F /* STEAvatarData.swift */ = {isa = PBXFileReference; fileEncoding = 4; lastKnownFileType = sourcecode.swift; path = STEAvatarData.swift; sourceTree = "<group>"; };
		5142684922C21FC6007FCA7F /* STEUIColor+Extensions.swift */ = {isa = PBXFileReference; fileEncoding = 4; lastKnownFileType = sourcecode.swift; path = "STEUIColor+Extensions.swift"; sourceTree = "<group>"; };
		5142684A22C21FC6007FCA7F /* STEUIImage+Extensions.swift */ = {isa = PBXFileReference; fileEncoding = 4; lastKnownFileType = sourcecode.swift; path = "STEUIImage+Extensions.swift"; sourceTree = "<group>"; };
		5142684B22C21FC6007FCA7F /* STEUIScreenExtensions.swift */ = {isa = PBXFileReference; fileEncoding = 4; lastKnownFileType = sourcecode.swift; path = STEUIScreenExtensions.swift; sourceTree = "<group>"; };
		5142684C22C21FC6007FCA7F /* STEAudioSession+Extensions.swift */ = {isa = PBXFileReference; fileEncoding = 4; lastKnownFileType = sourcecode.swift; path = "STEAudioSession+Extensions.swift"; sourceTree = "<group>"; };
		5142684D22C21FC6007FCA7F /* STEUITableView+Extension.swift */ = {isa = PBXFileReference; fileEncoding = 4; lastKnownFileType = sourcecode.swift; path = "STEUITableView+Extension.swift"; sourceTree = "<group>"; };
		5142684E22C21FC6007FCA7F /* STECollectionView+Extensions.swift */ = {isa = PBXFileReference; fileEncoding = 4; lastKnownFileType = sourcecode.swift; path = "STECollectionView+Extensions.swift"; sourceTree = "<group>"; };
		5142684F22C21FC6007FCA7F /* STEArray+Extensions.swift */ = {isa = PBXFileReference; fileEncoding = 4; lastKnownFileType = sourcecode.swift; path = "STEArray+Extensions.swift"; sourceTree = "<group>"; };
		5142685022C21FC6007FCA7F /* STEString+Extensions.swift */ = {isa = PBXFileReference; fileEncoding = 4; lastKnownFileType = sourcecode.swift; path = "STEString+Extensions.swift"; sourceTree = "<group>"; };
		5142685122C21FC6007FCA7F /* STEUIView+Extensions.swift */ = {isa = PBXFileReference; fileEncoding = 4; lastKnownFileType = sourcecode.swift; path = "STEUIView+Extensions.swift"; sourceTree = "<group>"; };
		5142685322C21FC6007FCA7F /* AVAudioSession+Swift.h */ = {isa = PBXFileReference; fileEncoding = 4; lastKnownFileType = sourcecode.c.h; path = "AVAudioSession+Swift.h"; sourceTree = "<group>"; };
		5142685422C21FC6007FCA7F /* STECommon.swift */ = {isa = PBXFileReference; fileEncoding = 4; lastKnownFileType = sourcecode.swift; path = STECommon.swift; sourceTree = "<group>"; };
		5142685522C21FC6007FCA7F /* STEMessagingUtilities.swift */ = {isa = PBXFileReference; fileEncoding = 4; lastKnownFileType = sourcecode.swift; path = STEMessagingUtilities.swift; sourceTree = "<group>"; };
		5142685622C21FC6007FCA7F /* STEUtils.swift */ = {isa = PBXFileReference; fileEncoding = 4; lastKnownFileType = sourcecode.swift; path = STEUtils.swift; sourceTree = "<group>"; };
		5142685722C21FC6007FCA7F /* AVAudioSession+Swift.m */ = {isa = PBXFileReference; fileEncoding = 4; lastKnownFileType = sourcecode.c.objc; path = "AVAudioSession+Swift.m"; sourceTree = "<group>"; };
		5142685822C21FC6007FCA7F /* STETapGestureRecognizer.swift */ = {isa = PBXFileReference; fileEncoding = 4; lastKnownFileType = sourcecode.swift; path = STETapGestureRecognizer.swift; sourceTree = "<group>"; };
		5142685A22C21FC6007FCA7F /* STEContactTableViewController.swift */ = {isa = PBXFileReference; fileEncoding = 4; lastKnownFileType = sourcecode.swift; path = STEContactTableViewController.swift; sourceTree = "<group>"; };
		5142685B22C21FC6007FCA7F /* STEMediaSourceCollectionViewController.swift */ = {isa = PBXFileReference; fileEncoding = 4; lastKnownFileType = sourcecode.swift; path = STEMediaSourceCollectionViewController.swift; sourceTree = "<group>"; };
		5142685C22C21FC6007FCA7F /* STEAudioViewController.swift */ = {isa = PBXFileReference; fileEncoding = 4; lastKnownFileType = sourcecode.swift; path = STEAudioViewController.swift; sourceTree = "<group>"; };
		5142685E22C21FC6007FCA7F /* STEConversationListViewController.swift */ = {isa = PBXFileReference; fileEncoding = 4; lastKnownFileType = sourcecode.swift; path = STEConversationListViewController.swift; sourceTree = "<group>"; };
		5142685F22C21FC6007FCA7F /* STELocationViewController.swift */ = {isa = PBXFileReference; fileEncoding = 4; lastKnownFileType = sourcecode.swift; path = STELocationViewController.swift; sourceTree = "<group>"; };
		5142686022C21FC6007FCA7F /* STEPlayerManager.swift */ = {isa = PBXFileReference; fileEncoding = 4; lastKnownFileType = sourcecode.swift; path = STEPlayerManager.swift; sourceTree = "<group>"; };
		5142686122C21FC6007FCA7F /* STEDetailContactTableViewController.swift */ = {isa = PBXFileReference; fileEncoding = 4; lastKnownFileType = sourcecode.swift; path = STEDetailContactTableViewController.swift; sourceTree = "<group>"; };
		5142686222C21FC6007FCA7F /* STEContactManager.swift */ = {isa = PBXFileReference; fileEncoding = 4; lastKnownFileType = sourcecode.swift; path = STEContactManager.swift; sourceTree = "<group>"; };
		5142686322C21FC6007FCA7F /* STEDataManager.swift */ = {isa = PBXFileReference; fileEncoding = 4; lastKnownFileType = sourcecode.swift; path = STEDataManager.swift; sourceTree = "<group>"; };
		5142686422C21FC6007FCA7F /* STEStickerManager.swift */ = {isa = PBXFileReference; fileEncoding = 4; lastKnownFileType = sourcecode.swift; path = STEStickerManager.swift; sourceTree = "<group>"; };
		5142686622C21FC6007FCA7F /* STEBaseConversationViewController.swift */ = {isa = PBXFileReference; fileEncoding = 4; lastKnownFileType = sourcecode.swift; path = STEBaseConversationViewController.swift; sourceTree = "<group>"; };
		5142686722C21FC6007FCA7F /* STEConversationViewController.swift */ = {isa = PBXFileReference; fileEncoding = 4; lastKnownFileType = sourcecode.swift; path = STEConversationViewController.swift; sourceTree = "<group>"; };
		5142686922C21FC6007FCA7F /* STEContactTableViewCell.xib */ = {isa = PBXFileReference; fileEncoding = 4; lastKnownFileType = file.xib; path = STEContactTableViewCell.xib; sourceTree = "<group>"; };
		5142686B22C21FC6007FCA7F /* STEConversationTableViewCell.swift */ = {isa = PBXFileReference; fileEncoding = 4; lastKnownFileType = sourcecode.swift; path = STEConversationTableViewCell.swift; sourceTree = "<group>"; };
		5142686C22C21FC6007FCA7F /* STELoadMoreActivityIndicator.swift */ = {isa = PBXFileReference; fileEncoding = 4; lastKnownFileType = sourcecode.swift; path = STELoadMoreActivityIndicator.swift; sourceTree = "<group>"; };
		5142686D22C21FC6007FCA7F /* STEMediaSourceCollectionViewCell.swift */ = {isa = PBXFileReference; fileEncoding = 4; lastKnownFileType = sourcecode.swift; path = STEMediaSourceCollectionViewCell.swift; sourceTree = "<group>"; };
		5142686E22C21FC6007FCA7F /* STERecordButton.swift */ = {isa = PBXFileReference; fileEncoding = 4; lastKnownFileType = sourcecode.swift; path = STERecordButton.swift; sourceTree = "<group>"; };
		5142686F22C21FC6007FCA7F /* STEContactTableViewCell.swift */ = {isa = PBXFileReference; fileEncoding = 4; lastKnownFileType = sourcecode.swift; path = STEContactTableViewCell.swift; sourceTree = "<group>"; };
		5142687022C21FC6007FCA7F /* STESkeletonView.swift */ = {isa = PBXFileReference; fileEncoding = 4; lastKnownFileType = sourcecode.swift; path = STESkeletonView.swift; sourceTree = "<group>"; };
		5142687122C21FC6007FCA7F /* STEAvatarView.swift */ = {isa = PBXFileReference; fileEncoding = 4; lastKnownFileType = sourcecode.swift; path = STEAvatarView.swift; sourceTree = "<group>"; };
		5142687322C21FC6007FCA7F /* STEConversationCollectionView.swift */ = {isa = PBXFileReference; fileEncoding = 4; lastKnownFileType = sourcecode.swift; path = STEConversationCollectionView.swift; sourceTree = "<group>"; };
		5142687522C21FC6007FCA7F /* STEStickerMessageCollectionViewCell.swift */ = {isa = PBXFileReference; fileEncoding = 4; lastKnownFileType = sourcecode.swift; path = STEStickerMessageCollectionViewCell.swift; sourceTree = "<group>"; };
		5142687622C21FC6007FCA7F /* STEMessageStatusView.swift */ = {isa = PBXFileReference; fileEncoding = 4; lastKnownFileType = sourcecode.swift; path = STEMessageStatusView.swift; sourceTree = "<group>"; };
		5142687722C21FC6007FCA7F /* STEBaseCollectionViewCell.swift */ = {isa = PBXFileReference; fileEncoding = 4; lastKnownFileType = sourcecode.swift; path = STEBaseCollectionViewCell.swift; sourceTree = "<group>"; };
		5142687822C21FC6007FCA7F /* STEFileCollectionViewCell.swift */ = {isa = PBXFileReference; fileEncoding = 4; lastKnownFileType = sourcecode.swift; path = STEFileCollectionViewCell.swift; sourceTree = "<group>"; };
		5142687922C21FC6007FCA7F /* STEMessageBubbleView.swift */ = {isa = PBXFileReference; fileEncoding = 4; lastKnownFileType = sourcecode.swift; path = STEMessageBubbleView.swift; sourceTree = "<group>"; };
		5142687A22C21FC6007FCA7F /* STETextCollectionViewCell.swift */ = {isa = PBXFileReference; fileEncoding = 4; lastKnownFileType = sourcecode.swift; path = STETextCollectionViewCell.swift; sourceTree = "<group>"; };
		5142687B22C21FC6007FCA7F /* STEPhotoCollectionViewCell.swift */ = {isa = PBXFileReference; fileEncoding = 4; lastKnownFileType = sourcecode.swift; path = STEPhotoCollectionViewCell.swift; sourceTree = "<group>"; };
		5142687C22C21FC6007FCA7F /* STENotifyCollectionViewCell.swift */ = {isa = PBXFileReference; fileEncoding = 4; lastKnownFileType = sourcecode.swift; path = STENotifyCollectionViewCell.swift; sourceTree = "<group>"; };
		5142687D22C21FC6007FCA7F /* STEVideoCollectionViewCell.swift */ = {isa = PBXFileReference; fileEncoding = 4; lastKnownFileType = sourcecode.swift; path = STEVideoCollectionViewCell.swift; sourceTree = "<group>"; };
		5142687E22C21FC6007FCA7F /* STELocationCollectionViewCell.swift */ = {isa = PBXFileReference; fileEncoding = 4; lastKnownFileType = sourcecode.swift; path = STELocationCollectionViewCell.swift; sourceTree = "<group>"; };
		5142687F22C21FC6007FCA7F /* STEAudioCollectionViewCell.swift */ = {isa = PBXFileReference; fileEncoding = 4; lastKnownFileType = sourcecode.swift; path = STEAudioCollectionViewCell.swift; sourceTree = "<group>"; };
		5142688022C21FC6007FCA7F /* STEContactCollectionViewCell.swift */ = {isa = PBXFileReference; fileEncoding = 4; lastKnownFileType = sourcecode.swift; path = STEContactCollectionViewCell.swift; sourceTree = "<group>"; };
		5142688122C21FC6007FCA7F /* STECollectionReusableViewHeaderView.swift */ = {isa = PBXFileReference; fileEncoding = 4; lastKnownFileType = sourcecode.swift; path = STECollectionReusableViewHeaderView.swift; sourceTree = "<group>"; };
		5142688222C21FC6007FCA7F /* STEMessageComposeTextView.swift */ = {isa = PBXFileReference; fileEncoding = 4; lastKnownFileType = sourcecode.swift; path = STEMessageComposeTextView.swift; sourceTree = "<group>"; };
		5142688322C21FC6007FCA7F /* STEConversationView.swift */ = {isa = PBXFileReference; fileEncoding = 4; lastKnownFileType = sourcecode.swift; path = STEConversationView.swift; sourceTree = "<group>"; };
		5142688522C21FC6007FCA7F /* STEPagingViewController.swift */ = {isa = PBXFileReference; fileEncoding = 4; lastKnownFileType = sourcecode.swift; path = STEPagingViewController.swift; sourceTree = "<group>"; };
		5142688622C21FC6007FCA7F /* IconPagingCell.swift */ = {isa = PBXFileReference; fileEncoding = 4; lastKnownFileType = sourcecode.swift; path = IconPagingCell.swift; sourceTree = "<group>"; };
		5142688722C21FC6007FCA7F /* UIColor+interpolation.swift */ = {isa = PBXFileReference; fileEncoding = 4; lastKnownFileType = sourcecode.swift; path = "UIColor+interpolation.swift"; sourceTree = "<group>"; };
		5142688822C21FC6007FCA7F /* STEStickerPackageViewController.swift */ = {isa = PBXFileReference; fileEncoding = 4; lastKnownFileType = sourcecode.swift; path = STEStickerPackageViewController.swift; sourceTree = "<group>"; };
		5142688922C21FC6007FCA7F /* IconItem.swift */ = {isa = PBXFileReference; fileEncoding = 4; lastKnownFileType = sourcecode.swift; path = IconItem.swift; sourceTree = "<group>"; };
		5142688A22C21FC6007FCA7F /* STEStickerCollectionViewCell.swift */ = {isa = PBXFileReference; fileEncoding = 4; lastKnownFileType = sourcecode.swift; path = STEStickerCollectionViewCell.swift; sourceTree = "<group>"; };
		5142688B22C21FC6007FCA7F /* STEStickerViewController.swift */ = {isa = PBXFileReference; fileEncoding = 4; lastKnownFileType = sourcecode.swift; path = STEStickerViewController.swift; sourceTree = "<group>"; };
		5142688C22C21FC6007FCA7F /* STEStickerPackageTableViewCell.swift */ = {isa = PBXFileReference; fileEncoding = 4; lastKnownFileType = sourcecode.swift; path = STEStickerPackageTableViewCell.swift; sourceTree = "<group>"; };
		5142688D22C21FC6007FCA7F /* STEObservingInputAccessoryView.swift */ = {isa = PBXFileReference; fileEncoding = 4; lastKnownFileType = sourcecode.swift; path = STEObservingInputAccessoryView.swift; sourceTree = "<group>"; };
		5142688E22C21FC6007FCA7F /* STEProgressView.swift */ = {isa = PBXFileReference; fileEncoding = 4; lastKnownFileType = sourcecode.swift; path = STEProgressView.swift; sourceTree = "<group>"; };
		5142688F22C21FC6007FCA7F /* STEMessageInputToolbar.swift */ = {isa = PBXFileReference; fileEncoding = 4; lastKnownFileType = sourcecode.swift; path = STEMessageInputToolbar.swift; sourceTree = "<group>"; };
		5142689122C21FC6007FCA7F /* STEMessagePresenting.swift */ = {isa = PBXFileReference; fileEncoding = 4; lastKnownFileType = sourcecode.swift; path = STEMessagePresenting.swift; sourceTree = "<group>"; };
		5142689222C21FC6007FCA7F /* STEAvatarItem.swift */ = {isa = PBXFileReference; fileEncoding = 4; lastKnownFileType = sourcecode.swift; path = STEAvatarItem.swift; sourceTree = "<group>"; };
		5142689322C21FC6007FCA7F /* STEConversationPresenting.swift */ = {isa = PBXFileReference; fileEncoding = 4; lastKnownFileType = sourcecode.swift; path = STEConversationPresenting.swift; sourceTree = "<group>"; };
		514926F82286BD28004E2F8E /* AVFoundation.framework */ = {isa = PBXFileReference; lastKnownFileType = wrapper.framework; name = AVFoundation.framework; path = System/Library/Frameworks/AVFoundation.framework; sourceTree = SDKROOT; };
		516CE0D121C7808D000D2A11 /* ChatSampleSwift.app */ = {isa = PBXFileReference; explicitFileType = wrapper.application; includeInIndex = 0; path = ChatSampleSwift.app; sourceTree = BUILT_PRODUCTS_DIR; };
		516CE0D421C7808D000D2A11 /* AppDelegate.swift */ = {isa = PBXFileReference; lastKnownFileType = sourcecode.swift; path = AppDelegate.swift; sourceTree = "<group>"; };
		516CE0D921C7808D000D2A11 /* Base */ = {isa = PBXFileReference; lastKnownFileType = file.storyboard; name = Base; path = Base.lproj/Main.storyboard; sourceTree = "<group>"; };
		516CE0DB21C7808E000D2A11 /* Assets.xcassets */ = {isa = PBXFileReference; lastKnownFileType = folder.assetcatalog; path = Assets.xcassets; sourceTree = "<group>"; };
		516CE0DE21C7808E000D2A11 /* Base */ = {isa = PBXFileReference; lastKnownFileType = file.storyboard; name = Base; path = Base.lproj/LaunchScreen.storyboard; sourceTree = "<group>"; };
		516CE0E021C7808E000D2A11 /* Info.plist */ = {isa = PBXFileReference; lastKnownFileType = text.plist.xml; path = Info.plist; sourceTree = "<group>"; };
		516CE0ED21C78273000D2A11 /* StringeeImplement.swift */ = {isa = PBXFileReference; lastKnownFileType = sourcecode.swift; path = StringeeImplement.swift; sourceTree = "<group>"; };
		516CE0EF21C785E1000D2A11 /* Stringee.framework */ = {isa = PBXFileReference; lastKnownFileType = wrapper.framework; path = Stringee.framework; sourceTree = "<group>"; };
		516CE0F221C7874E000D2A11 /* libc++.tbd */ = {isa = PBXFileReference; lastKnownFileType = "sourcecode.text-based-dylib-definition"; name = "libc++.tbd"; path = "usr/lib/libc++.tbd"; sourceTree = SDKROOT; };
		516CE0F421C78758000D2A11 /* libicucore.tbd */ = {isa = PBXFileReference; lastKnownFileType = "sourcecode.text-based-dylib-definition"; name = libicucore.tbd; path = usr/lib/libicucore.tbd; sourceTree = SDKROOT; };
		516CE0F621C7875D000D2A11 /* GLKit.framework */ = {isa = PBXFileReference; lastKnownFileType = wrapper.framework; name = GLKit.framework; path = System/Library/Frameworks/GLKit.framework; sourceTree = SDKROOT; };
		516CE0F821C78767000D2A11 /* VideoToolbox.framework */ = {isa = PBXFileReference; lastKnownFileType = wrapper.framework; name = VideoToolbox.framework; path = System/Library/Frameworks/VideoToolbox.framework; sourceTree = SDKROOT; };
		516CE0FA21C7876C000D2A11 /* AudioToolbox.framework */ = {isa = PBXFileReference; lastKnownFileType = wrapper.framework; name = AudioToolbox.framework; path = System/Library/Frameworks/AudioToolbox.framework; sourceTree = SDKROOT; };
		516CE0FC21C788FE000D2A11 /* ChatSampleSwift-Bridging-Header.h */ = {isa = PBXFileReference; lastKnownFileType = sourcecode.c.h; path = "ChatSampleSwift-Bridging-Header.h"; sourceTree = "<group>"; };
		516CE0FE21C7BB76000D2A11 /* SampleConversationListViewController.swift */ = {isa = PBXFileReference; lastKnownFileType = sourcecode.swift; path = SampleConversationListViewController.swift; sourceTree = "<group>"; };
		516CE10E21C7CF5A000D2A11 /* AppStateManager.swift */ = {isa = PBXFileReference; lastKnownFileType = sourcecode.swift; path = AppStateManager.swift; sourceTree = "<group>"; };
		51721C5D21DCDF7100A4B550 /* SampleConversationViewController.swift */ = {isa = PBXFileReference; lastKnownFileType = sourcecode.swift; path = SampleConversationViewController.swift; sourceTree = "<group>"; };
		5212D5BE5A0962FF166B60E6 /* Pods-ChatSampleSwift.debug.xcconfig */ = {isa = PBXFileReference; includeInIndex = 1; lastKnownFileType = text.xcconfig; name = "Pods-ChatSampleSwift.debug.xcconfig"; path = "Pods/Target Support Files/Pods-ChatSampleSwift/Pods-ChatSampleSwift.debug.xcconfig"; sourceTree = "<group>"; };
		F224AA948F48A0C371ADC5F1 /* Pods-ChatSampleSwift.release.xcconfig */ = {isa = PBXFileReference; includeInIndex = 1; lastKnownFileType = text.xcconfig; name = "Pods-ChatSampleSwift.release.xcconfig"; path = "Pods/Target Support Files/Pods-ChatSampleSwift/Pods-ChatSampleSwift.release.xcconfig"; sourceTree = "<group>"; };
/* End PBXFileReference section */

/* Begin PBXFrameworksBuildPhase section */
		516CE0CE21C7808D000D2A11 /* Frameworks */ = {
			isa = PBXFrameworksBuildPhase;
			buildActionMask = 2147483647;
			files = (
				516CE0FB21C7876C000D2A11 /* AudioToolbox.framework in Frameworks */,
				516CE0F921C78767000D2A11 /* VideoToolbox.framework in Frameworks */,
				516CE0F721C7875D000D2A11 /* GLKit.framework in Frameworks */,
				516CE0F521C78759000D2A11 /* libicucore.tbd in Frameworks */,
				516CE0F321C7874E000D2A11 /* libc++.tbd in Frameworks */,
				516CE0F021C785E1000D2A11 /* Stringee.framework in Frameworks */,
				45363B1EFF03B0AA87B5B899 /* Pods_ChatSampleSwift.framework in Frameworks */,
			);
			runOnlyForDeploymentPostprocessing = 0;
		};
/* End PBXFrameworksBuildPhase section */

/* Begin PBXGroup section */
		10B919DF5CDE55DDD4BFB5F0 /* Pods */ = {
			isa = PBXGroup;
			children = (
				5212D5BE5A0962FF166B60E6 /* Pods-ChatSampleSwift.debug.xcconfig */,
				F224AA948F48A0C371ADC5F1 /* Pods-ChatSampleSwift.release.xcconfig */,
			);
			name = Pods;
			sourceTree = "<group>";
		};
		514267F722C21FC6007FCA7F /* ChatBase */ = {
			isa = PBXGroup;
			children = (
				514267F822C21FC6007FCA7F /* Resources */,
				5142684422C21FC6007FCA7F /* Models */,
				5142684822C21FC6007FCA7F /* Extensions */,
				5142685222C21FC6007FCA7F /* Utilities */,
				5142685922C21FC6007FCA7F /* Controllers */,
				5142686822C21FC6007FCA7F /* Views */,
				5142689022C21FC6007FCA7F /* Protocols */,
			);
			path = ChatBase;
			sourceTree = "<group>";
		};
		514267F822C21FC6007FCA7F /* Resources */ = {
			isa = PBXGroup;
			children = (
				514267F922C21FC6007FCA7F /* notification.caf */,
				514267FA22C21FC6007FCA7F /* Icons */,
			);
			path = Resources;
			sourceTree = "<group>";
		};
		514267FA22C21FC6007FCA7F /* Icons */ = {
			isa = PBXGroup;
			children = (
				514267FB22C21FC6007FCA7F /* video_icon@2x.png */,
				514267FC22C21FC6007FCA7F /* microphone@2x.png */,
				514267FD22C21FC6007FCA7F /* ModernContactListAddMemberIcon@3x.png */,
				514267FE22C21FC6007FCA7F /* StickersGroupCross@2x.png */,
				514267FF22C21FC6007FCA7F /* LocationPinIcon@3x.png */,
				5142680022C21FC6007FCA7F /* LocationMessagePinSmallBackground@2x.png */,
				5142680122C21FC6007FCA7F /* message_tick@3x.png */,
				5142680222C21FC6007FCA7F /* play_icon@3x.png */,
				5142680322C21FC6007FCA7F /* InstantViewCheck@3x.png */,
				5142680422C21FC6007FCA7F /* StickerPackNotFoundIcon@2x.png */,
				5142680522C21FC6007FCA7F /* slider_thumb@3x.png */,
				5142680622C21FC6007FCA7F /* slider_thumb@2x.png */,
				5142680722C21FC6007FCA7F /* StickerPackNotFoundIcon@3x.png */,
				5142680822C21FC6007FCA7F /* play_icon@2x.png */,
				5142680922C21FC6007FCA7F /* InstantViewCheck@2x.png */,
				5142680A22C21FC6007FCA7F /* message_tick@2x.png */,
				5142680B22C21FC6007FCA7F /* LocationMessagePinSmallBackground@3x.png */,
				5142680C22C21FC6007FCA7F /* StickersGroupCross@3x.png */,
				5142680D22C21FC6007FCA7F /* LocationPinIcon@2x.png */,
				5142680E22C21FC6007FCA7F /* ModernContactListAddMemberIcon@2x.png */,
				5142680F22C21FC6007FCA7F /* microphone@3x.png */,
				5142681022C21FC6007FCA7F /* video_icon@3x.png */,
				5142681122C21FC6007FCA7F /* chat_background.jpg */,
				5142681222C21FC6007FCA7F /* ModernContactSelectionChecked.png */,
				5142681322C21FC6007FCA7F /* ModernContactSelectionChecked@2x.png */,
				5142681422C21FC6007FCA7F /* ConversationInputFieldKeyboardIcon@3x.png */,
				5142681522C21FC6007FCA7F /* download_icon@3x.png */,
				5142681622C21FC6007FCA7F /* PinLocation@3x.png */,
				5142681722C21FC6007FCA7F /* PhotoPickerSendIcon@2x.png */,
				5142681822C21FC6007FCA7F /* PhotoPickerSendIcon@3x.png */,
				5142681922C21FC6007FCA7F /* PinLocation@2x.png */,
				5142681A22C21FC6007FCA7F /* download_icon@2x.png */,
				5142681B22C21FC6007FCA7F /* ConversationInputFieldKeyboardIcon@2x.png */,
				5142681C22C21FC6007FCA7F /* ModernContactSelectionEmpty.png */,
				5142681D22C21FC6007FCA7F /* ModernConversationSend@2x.png */,
				5142681E22C21FC6007FCA7F /* Point@2x.png */,
				5142681F22C21FC6007FCA7F /* LocationInfo@3x.png */,
				5142682022C21FC6007FCA7F /* keyboard_icon@2x.png */,
				5142682122C21FC6007FCA7F /* stickers@3x.png */,
				5142682222C21FC6007FCA7F /* search_icon@3x.png */,
				5142682322C21FC6007FCA7F /* PaintStickersIcon@3x.png */,
				5142682422C21FC6007FCA7F /* message_status_sending@3x.png */,
				5142682522C21FC6007FCA7F /* message_status_error@3x.png */,
				5142682622C21FC6007FCA7F /* attachement@2x.png */,
				5142682722C21FC6007FCA7F /* attachement@3x.png */,
				5142682822C21FC6007FCA7F /* message_status_error@2x.png */,
				5142682922C21FC6007FCA7F /* message_status_sending@2x.png */,
				5142682A22C21FC6007FCA7F /* PaintStickersIcon@2x.png */,
				5142682B22C21FC6007FCA7F /* search_icon@2x.png */,
				5142682C22C21FC6007FCA7F /* stickers@2x.png */,
				5142682D22C21FC6007FCA7F /* LocationInfo@2x.png */,
				5142682E22C21FC6007FCA7F /* keyboard_icon@3x.png */,
				5142682F22C21FC6007FCA7F /* ModernConversationSend@3x.png */,
				5142683022C21FC6007FCA7F /* Point@3x.png */,
				5142683122C21FC6007FCA7F /* InstantViewMoreIcon@2x.png */,
				5142683222C21FC6007FCA7F /* TrackingLocation@2x.png */,
				5142683322C21FC6007FCA7F /* StickersPlaceholderIcon@3x.png */,
				5142683422C21FC6007FCA7F /* TempAudioPreviewPlay@2x.png */,
				5142683522C21FC6007FCA7F /* TempAudioPreviewPause@3x.png */,
				5142683622C21FC6007FCA7F /* message_double_tick@2x.png */,
				5142683722C21FC6007FCA7F /* StickerKeyboardTrendingIcon@3x.png */,
				5142683822C21FC6007FCA7F /* TrackingLocationOff@2x.png */,
				5142683922C21FC6007FCA7F /* ConversationClearIcon@2x.png */,
				5142683A22C21FC6007FCA7F /* ConversationClearIcon@3x.png */,
				5142683B22C21FC6007FCA7F /* ModernContactSelectionEmpty@2x.png */,
				5142683C22C21FC6007FCA7F /* TrackingLocationOff@3x.png */,
				5142683D22C21FC6007FCA7F /* StickerKeyboardTrendingIcon@2x.png */,
				5142683E22C21FC6007FCA7F /* message_double_tick@3x.png */,
				5142683F22C21FC6007FCA7F /* TempAudioPreviewPause@2x.png */,
				5142684022C21FC6007FCA7F /* TempAudioPreviewPlay@3x.png */,
				5142684122C21FC6007FCA7F /* StickersPlaceholderIcon@2x.png */,
				5142684222C21FC6007FCA7F /* TrackingLocation@3x.png */,
				5142684322C21FC6007FCA7F /* InstantViewMoreIcon@3x.png */,
			);
			path = Icons;
			sourceTree = "<group>";
		};
		5142684422C21FC6007FCA7F /* Models */ = {
			isa = PBXGroup;
			children = (
				5142684522C21FC6007FCA7F /* STESTickerPackage.swift */,
				5142684622C21FC6007FCA7F /* STEVCard.swift */,
				5142684722C21FC6007FCA7F /* STEAvatarData.swift */,
			);
			path = Models;
			sourceTree = "<group>";
		};
		5142684822C21FC6007FCA7F /* Extensions */ = {
			isa = PBXGroup;
			children = (
				5142684922C21FC6007FCA7F /* STEUIColor+Extensions.swift */,
				5142684A22C21FC6007FCA7F /* STEUIImage+Extensions.swift */,
				5142684B22C21FC6007FCA7F /* STEUIScreenExtensions.swift */,
				5142684C22C21FC6007FCA7F /* STEAudioSession+Extensions.swift */,
				5142684D22C21FC6007FCA7F /* STEUITableView+Extension.swift */,
				5142684E22C21FC6007FCA7F /* STECollectionView+Extensions.swift */,
				5142684F22C21FC6007FCA7F /* STEArray+Extensions.swift */,
				5142685022C21FC6007FCA7F /* STEString+Extensions.swift */,
				5142685122C21FC6007FCA7F /* STEUIView+Extensions.swift */,
			);
			path = Extensions;
			sourceTree = "<group>";
		};
		5142685222C21FC6007FCA7F /* Utilities */ = {
			isa = PBXGroup;
			children = (
				5142685322C21FC6007FCA7F /* AVAudioSession+Swift.h */,
				5142685422C21FC6007FCA7F /* STECommon.swift */,
				5142685522C21FC6007FCA7F /* STEMessagingUtilities.swift */,
				5142685622C21FC6007FCA7F /* STEUtils.swift */,
				5142685722C21FC6007FCA7F /* AVAudioSession+Swift.m */,
				5142685822C21FC6007FCA7F /* STETapGestureRecognizer.swift */,
			);
			path = Utilities;
			sourceTree = "<group>";
		};
		5142685922C21FC6007FCA7F /* Controllers */ = {
			isa = PBXGroup;
			children = (
				5142685A22C21FC6007FCA7F /* STEContactTableViewController.swift */,
				5142685B22C21FC6007FCA7F /* STEMediaSourceCollectionViewController.swift */,
				5142685C22C21FC6007FCA7F /* STEAudioViewController.swift */,
				5142685D22C21FC6007FCA7F /* ConversationList */,
				5142685F22C21FC6007FCA7F /* STELocationViewController.swift */,
				5142686022C21FC6007FCA7F /* STEPlayerManager.swift */,
				5142686122C21FC6007FCA7F /* STEDetailContactTableViewController.swift */,
				5142686222C21FC6007FCA7F /* STEContactManager.swift */,
				5142686322C21FC6007FCA7F /* STEDataManager.swift */,
				5142686422C21FC6007FCA7F /* STEStickerManager.swift */,
				5142686522C21FC6007FCA7F /* Conversation */,
			);
			path = Controllers;
			sourceTree = "<group>";
		};
		5142685D22C21FC6007FCA7F /* ConversationList */ = {
			isa = PBXGroup;
			children = (
				5142685E22C21FC6007FCA7F /* STEConversationListViewController.swift */,
			);
			path = ConversationList;
			sourceTree = "<group>";
		};
		5142686522C21FC6007FCA7F /* Conversation */ = {
			isa = PBXGroup;
			children = (
				5142686622C21FC6007FCA7F /* STEBaseConversationViewController.swift */,
				5142686722C21FC6007FCA7F /* STEConversationViewController.swift */,
			);
			path = Conversation;
			sourceTree = "<group>";
		};
		5142686822C21FC6007FCA7F /* Views */ = {
			isa = PBXGroup;
			children = (
				5142686922C21FC6007FCA7F /* STEContactTableViewCell.xib */,
				5142686A22C21FC6007FCA7F /* ConversationList */,
				5142686C22C21FC6007FCA7F /* STELoadMoreActivityIndicator.swift */,
				5142686D22C21FC6007FCA7F /* STEMediaSourceCollectionViewCell.swift */,
				5142686E22C21FC6007FCA7F /* STERecordButton.swift */,
				5142686F22C21FC6007FCA7F /* STEContactTableViewCell.swift */,
				5142687022C21FC6007FCA7F /* STESkeletonView.swift */,
				5142687122C21FC6007FCA7F /* STEAvatarView.swift */,
				5142687222C21FC6007FCA7F /* Conversation */,
			);
			path = Views;
			sourceTree = "<group>";
		};
		5142686A22C21FC6007FCA7F /* ConversationList */ = {
			isa = PBXGroup;
			children = (
				5142686B22C21FC6007FCA7F /* STEConversationTableViewCell.swift */,
			);
			path = ConversationList;
			sourceTree = "<group>";
		};
		5142687222C21FC6007FCA7F /* Conversation */ = {
			isa = PBXGroup;
			children = (
				5142687322C21FC6007FCA7F /* STEConversationCollectionView.swift */,
				5142687422C21FC6007FCA7F /* MessageCells */,
				5142688122C21FC6007FCA7F /* STECollectionReusableViewHeaderView.swift */,
				5142688222C21FC6007FCA7F /* STEMessageComposeTextView.swift */,
				5142688322C21FC6007FCA7F /* STEConversationView.swift */,
				5142688422C21FC6007FCA7F /* Sticker */,
				5142688E22C21FC6007FCA7F /* STEProgressView.swift */,
				5142688F22C21FC6007FCA7F /* STEMessageInputToolbar.swift */,
			);
			path = Conversation;
			sourceTree = "<group>";
		};
		5142687422C21FC6007FCA7F /* MessageCells */ = {
			isa = PBXGroup;
			children = (
				5142687522C21FC6007FCA7F /* STEStickerMessageCollectionViewCell.swift */,
				5142687622C21FC6007FCA7F /* STEMessageStatusView.swift */,
				5142687722C21FC6007FCA7F /* STEBaseCollectionViewCell.swift */,
				5142687822C21FC6007FCA7F /* STEFileCollectionViewCell.swift */,
				5142687922C21FC6007FCA7F /* STEMessageBubbleView.swift */,
				5142687A22C21FC6007FCA7F /* STETextCollectionViewCell.swift */,
				5142687B22C21FC6007FCA7F /* STEPhotoCollectionViewCell.swift */,
				5142687C22C21FC6007FCA7F /* STENotifyCollectionViewCell.swift */,
				5142687D22C21FC6007FCA7F /* STEVideoCollectionViewCell.swift */,
				5142687E22C21FC6007FCA7F /* STELocationCollectionViewCell.swift */,
				5142687F22C21FC6007FCA7F /* STEAudioCollectionViewCell.swift */,
				5142688022C21FC6007FCA7F /* STEContactCollectionViewCell.swift */,
			);
			path = MessageCells;
			sourceTree = "<group>";
		};
		5142688422C21FC6007FCA7F /* Sticker */ = {
			isa = PBXGroup;
			children = (
				5142688522C21FC6007FCA7F /* STEPagingViewController.swift */,
				5142688622C21FC6007FCA7F /* IconPagingCell.swift */,
				5142688722C21FC6007FCA7F /* UIColor+interpolation.swift */,
				5142688822C21FC6007FCA7F /* STEStickerPackageViewController.swift */,
				5142688922C21FC6007FCA7F /* IconItem.swift */,
				5142688A22C21FC6007FCA7F /* STEStickerCollectionViewCell.swift */,
				5142688B22C21FC6007FCA7F /* STEStickerViewController.swift */,
				5142688C22C21FC6007FCA7F /* STEStickerPackageTableViewCell.swift */,
				5142688D22C21FC6007FCA7F /* STEObservingInputAccessoryView.swift */,
			);
			path = Sticker;
			sourceTree = "<group>";
		};
		5142689022C21FC6007FCA7F /* Protocols */ = {
			isa = PBXGroup;
			children = (
				5142689122C21FC6007FCA7F /* STEMessagePresenting.swift */,
				5142689222C21FC6007FCA7F /* STEAvatarItem.swift */,
				5142689322C21FC6007FCA7F /* STEConversationPresenting.swift */,
			);
			path = Protocols;
			sourceTree = "<group>";
		};
		516CE0C821C7808D000D2A11 = {
			isa = PBXGroup;
			children = (
				516CE0EF21C785E1000D2A11 /* Stringee.framework */,
				516CE0D321C7808D000D2A11 /* ChatSampleSwift */,
				516CE0D221C7808D000D2A11 /* Products */,
				516CE0F121C7874E000D2A11 /* Frameworks */,
				10B919DF5CDE55DDD4BFB5F0 /* Pods */,
			);
			sourceTree = "<group>";
		};
		516CE0D221C7808D000D2A11 /* Products */ = {
			isa = PBXGroup;
			children = (
				516CE0D121C7808D000D2A11 /* ChatSampleSwift.app */,
			);
			name = Products;
			sourceTree = "<group>";
		};
		516CE0D321C7808D000D2A11 /* ChatSampleSwift */ = {
			isa = PBXGroup;
			children = (
				514267F722C21FC6007FCA7F /* ChatBase */,
				516CE0EC21C78212000D2A11 /* Implements */,
				516CE0D421C7808D000D2A11 /* AppDelegate.swift */,
				516CE0D821C7808D000D2A11 /* Main.storyboard */,
				516CE0DB21C7808E000D2A11 /* Assets.xcassets */,
				516CE0DD21C7808E000D2A11 /* LaunchScreen.storyboard */,
				516CE0E021C7808E000D2A11 /* Info.plist */,
				516CE0FC21C788FE000D2A11 /* ChatSampleSwift-Bridging-Header.h */,
			);
			path = ChatSampleSwift;
			sourceTree = "<group>";
		};
		516CE0EC21C78212000D2A11 /* Implements */ = {
			isa = PBXGroup;
			children = (
				516CE0ED21C78273000D2A11 /* StringeeImplement.swift */,
				516CE0FE21C7BB76000D2A11 /* SampleConversationListViewController.swift */,
				51721C5D21DCDF7100A4B550 /* SampleConversationViewController.swift */,
				516CE10E21C7CF5A000D2A11 /* AppStateManager.swift */,
				513524EB21D0F6E5003ADD70 /* SampleAvatarItem.swift */,
			);
			path = Implements;
			sourceTree = "<group>";
		};
		516CE0F121C7874E000D2A11 /* Frameworks */ = {
			isa = PBXGroup;
			children = (
				514926F82286BD28004E2F8E /* AVFoundation.framework */,
				516CE0FA21C7876C000D2A11 /* AudioToolbox.framework */,
				516CE0F821C78767000D2A11 /* VideoToolbox.framework */,
				516CE0F621C7875D000D2A11 /* GLKit.framework */,
				516CE0F421C78758000D2A11 /* libicucore.tbd */,
				516CE0F221C7874E000D2A11 /* libc++.tbd */,
				34EB685FB9D6316F69BFBAB5 /* Pods_ChatSampleSwift.framework */,
			);
			name = Frameworks;
			sourceTree = "<group>";
		};
/* End PBXGroup section */

/* Begin PBXNativeTarget section */
		516CE0D021C7808D000D2A11 /* ChatSampleSwift */ = {
			isa = PBXNativeTarget;
			buildConfigurationList = 516CE0E321C7808E000D2A11 /* Build configuration list for PBXNativeTarget "ChatSampleSwift" */;
			buildPhases = (
				C723F1FBECA824115AC023FB /* [CP] Check Pods Manifest.lock */,
				516CE0CD21C7808D000D2A11 /* Sources */,
				516CE0CE21C7808D000D2A11 /* Frameworks */,
				516CE0CF21C7808D000D2A11 /* Resources */,
				8DD90D8855A784DA53E07432 /* [CP] Embed Pods Frameworks */,
			);
			buildRules = (
			);
			dependencies = (
			);
			name = ChatSampleSwift;
			productName = ChatSampleSwift;
			productReference = 516CE0D121C7808D000D2A11 /* ChatSampleSwift.app */;
			productType = "com.apple.product-type.application";
		};
/* End PBXNativeTarget section */

/* Begin PBXProject section */
		516CE0C921C7808D000D2A11 /* Project object */ = {
			isa = PBXProject;
			attributes = {
				CLASSPREFIX = STE;
				LastSwiftUpdateCheck = 1010;
				LastUpgradeCheck = 1010;
				ORGANIZATIONNAME = HoangDuoc;
				TargetAttributes = {
					516CE0D021C7808D000D2A11 = {
						CreatedOnToolsVersion = 10.1;
					};
				};
			};
			buildConfigurationList = 516CE0CC21C7808D000D2A11 /* Build configuration list for PBXProject "ChatSampleSwift" */;
			compatibilityVersion = "Xcode 9.3";
			developmentRegion = en;
			hasScannedForEncodings = 0;
			knownRegions = (
				en,
				Base,
			);
			mainGroup = 516CE0C821C7808D000D2A11;
			productRefGroup = 516CE0D221C7808D000D2A11 /* Products */;
			projectDirPath = "";
			projectRoot = "";
			targets = (
				516CE0D021C7808D000D2A11 /* ChatSampleSwift */,
			);
		};
/* End PBXProject section */

/* Begin PBXResourcesBuildPhase section */
		516CE0CF21C7808D000D2A11 /* Resources */ = {
			isa = PBXResourcesBuildPhase;
			buildActionMask = 2147483647;
			files = (
				514268D122C21FC7007FCA7F /* StickerKeyboardTrendingIcon@3x.png in Resources */,
				514268D022C21FC7007FCA7F /* message_double_tick@2x.png in Resources */,
				5142689522C21FC7007FCA7F /* video_icon@2x.png in Resources */,
				514268BD22C21FC7007FCA7F /* PaintStickersIcon@3x.png in Resources */,
				514268A322C21FC7007FCA7F /* InstantViewCheck@2x.png in Resources */,
				5142689D22C21FC7007FCA7F /* InstantViewCheck@3x.png in Resources */,
				514268A722C21FC7007FCA7F /* LocationPinIcon@2x.png in Resources */,
				514268B622C21FC7007FCA7F /* ModernContactSelectionEmpty.png in Resources */,
				514268BF22C21FC7007FCA7F /* message_status_error@3x.png in Resources */,
				514268D422C21FC7007FCA7F /* ConversationClearIcon@3x.png in Resources */,
				514268A022C21FC7007FCA7F /* slider_thumb@2x.png in Resources */,
				514268FB22C21FC7007FCA7F /* STEContactTableViewCell.xib in Resources */,
				514268D522C21FC7007FCA7F /* ModernContactSelectionEmpty@2x.png in Resources */,
				514268C922C21FC7007FCA7F /* ModernConversationSend@3x.png in Resources */,
				514268CB22C21FC7007FCA7F /* InstantViewMoreIcon@2x.png in Resources */,
				5142689922C21FC7007FCA7F /* LocationPinIcon@3x.png in Resources */,
				514268BE22C21FC7007FCA7F /* message_status_sending@3x.png in Resources */,
				516CE0DF21C7808E000D2A11 /* LaunchScreen.storyboard in Resources */,
				514268D822C21FC7007FCA7F /* message_double_tick@3x.png in Resources */,
				514268A122C21FC7007FCA7F /* StickerPackNotFoundIcon@3x.png in Resources */,
				514268B122C21FC7007FCA7F /* PhotoPickerSendIcon@2x.png in Resources */,
				514268DD22C21FC7007FCA7F /* InstantViewMoreIcon@3x.png in Resources */,
				514268C022C21FC7007FCA7F /* attachement@2x.png in Resources */,
				514268C422C21FC7007FCA7F /* PaintStickersIcon@2x.png in Resources */,
				514268A422C21FC7007FCA7F /* message_tick@2x.png in Resources */,
				514268C622C21FC7007FCA7F /* stickers@2x.png in Resources */,
				514268CA22C21FC7007FCA7F /* Point@3x.png in Resources */,
				5142689622C21FC7007FCA7F /* microphone@2x.png in Resources */,
				514268D322C21FC7007FCA7F /* ConversationClearIcon@2x.png in Resources */,
				5142689722C21FC7007FCA7F /* ModernContactListAddMemberIcon@3x.png in Resources */,
				514268B322C21FC7007FCA7F /* PinLocation@2x.png in Resources */,
				5142689B22C21FC7007FCA7F /* message_tick@3x.png in Resources */,
				514268C322C21FC7007FCA7F /* message_status_sending@2x.png in Resources */,
				514268AE22C21FC7007FCA7F /* ConversationInputFieldKeyboardIcon@3x.png in Resources */,
				5142689E22C21FC7007FCA7F /* StickerPackNotFoundIcon@2x.png in Resources */,
				514268D722C21FC7007FCA7F /* StickerKeyboardTrendingIcon@2x.png in Resources */,
				516CE0DC21C7808E000D2A11 /* Assets.xcassets in Resources */,
				514268C522C21FC7007FCA7F /* search_icon@2x.png in Resources */,
				514268AA22C21FC7007FCA7F /* video_icon@3x.png in Resources */,
				514268B222C21FC7007FCA7F /* PhotoPickerSendIcon@3x.png in Resources */,
				514268B022C21FC7007FCA7F /* PinLocation@3x.png in Resources */,
				514268A222C21FC7007FCA7F /* play_icon@2x.png in Resources */,
				514268C122C21FC7007FCA7F /* attachement@3x.png in Resources */,
				514268CE22C21FC7007FCA7F /* TempAudioPreviewPlay@2x.png in Resources */,
				5142689F22C21FC7007FCA7F /* slider_thumb@3x.png in Resources */,
				5142689822C21FC7007FCA7F /* StickersGroupCross@2x.png in Resources */,
				514268CC22C21FC7007FCA7F /* TrackingLocation@2x.png in Resources */,
				514268AD22C21FC7007FCA7F /* ModernContactSelectionChecked@2x.png in Resources */,
				514268B522C21FC7007FCA7F /* ConversationInputFieldKeyboardIcon@2x.png in Resources */,
				514268C822C21FC7007FCA7F /* keyboard_icon@3x.png in Resources */,
				514268AC22C21FC7007FCA7F /* ModernContactSelectionChecked.png in Resources */,
				514268B822C21FC7007FCA7F /* Point@2x.png in Resources */,
				514268B422C21FC7007FCA7F /* download_icon@2x.png in Resources */,
				514268A822C21FC7007FCA7F /* ModernContactListAddMemberIcon@2x.png in Resources */,
				514268AF22C21FC7007FCA7F /* download_icon@3x.png in Resources */,
				5142689C22C21FC7007FCA7F /* play_icon@3x.png in Resources */,
				514268A522C21FC7007FCA7F /* LocationMessagePinSmallBackground@3x.png in Resources */,
				514268BB22C21FC7007FCA7F /* stickers@3x.png in Resources */,
				514268CD22C21FC7007FCA7F /* StickersPlaceholderIcon@3x.png in Resources */,
				514268D622C21FC7007FCA7F /* TrackingLocationOff@3x.png in Resources */,
				514268B922C21FC7007FCA7F /* LocationInfo@3x.png in Resources */,
				514268B722C21FC7007FCA7F /* ModernConversationSend@2x.png in Resources */,
				514268D922C21FC7007FCA7F /* TempAudioPreviewPause@2x.png in Resources */,
				514268A622C21FC7007FCA7F /* StickersGroupCross@3x.png in Resources */,
				514268C722C21FC7007FCA7F /* LocationInfo@2x.png in Resources */,
				514268BA22C21FC7007FCA7F /* keyboard_icon@2x.png in Resources */,
				514268C222C21FC7007FCA7F /* message_status_error@2x.png in Resources */,
				514268DC22C21FC7007FCA7F /* TrackingLocation@3x.png in Resources */,
				514268D222C21FC7007FCA7F /* TrackingLocationOff@2x.png in Resources */,
				5142689A22C21FC7007FCA7F /* LocationMessagePinSmallBackground@2x.png in Resources */,
				514268DA22C21FC7007FCA7F /* TempAudioPreviewPlay@3x.png in Resources */,
				514268AB22C21FC7007FCA7F /* chat_background.jpg in Resources */,
				514268DB22C21FC7007FCA7F /* StickersPlaceholderIcon@2x.png in Resources */,
				516CE0DA21C7808D000D2A11 /* Main.storyboard in Resources */,
				5142689422C21FC7007FCA7F /* notification.caf in Resources */,
				514268BC22C21FC7007FCA7F /* search_icon@3x.png in Resources */,
				514268A922C21FC7007FCA7F /* microphone@3x.png in Resources */,
				514268CF22C21FC7007FCA7F /* TempAudioPreviewPause@3x.png in Resources */,
			);
			runOnlyForDeploymentPostprocessing = 0;
		};
/* End PBXResourcesBuildPhase section */

/* Begin PBXShellScriptBuildPhase section */
		8DD90D8855A784DA53E07432 /* [CP] Embed Pods Frameworks */ = {
			isa = PBXShellScriptBuildPhase;
			buildActionMask = 2147483647;
			files = (
			);
			inputFileListPaths = (
				"${PODS_ROOT}/Target Support Files/Pods-ChatSampleSwift/Pods-ChatSampleSwift-frameworks-${CONFIGURATION}-input-files.xcfilelist",
			);
			name = "[CP] Embed Pods Frameworks";
			outputFileListPaths = (
				"${PODS_ROOT}/Target Support Files/Pods-ChatSampleSwift/Pods-ChatSampleSwift-frameworks-${CONFIGURATION}-output-files.xcfilelist",
			);
			runOnlyForDeploymentPostprocessing = 0;
			shellPath = /bin/sh;
			shellScript = "\"${PODS_ROOT}/Target Support Files/Pods-ChatSampleSwift/Pods-ChatSampleSwift-frameworks.sh\"\n";
			showEnvVarsInLog = 0;
		};
		C723F1FBECA824115AC023FB /* [CP] Check Pods Manifest.lock */ = {
			isa = PBXShellScriptBuildPhase;
			buildActionMask = 2147483647;
			files = (
			);
			inputFileListPaths = (
			);
			inputPaths = (
				"${PODS_PODFILE_DIR_PATH}/Podfile.lock",
				"${PODS_ROOT}/Manifest.lock",
			);
			name = "[CP] Check Pods Manifest.lock";
			outputFileListPaths = (
			);
			outputPaths = (
				"$(DERIVED_FILE_DIR)/Pods-ChatSampleSwift-checkManifestLockResult.txt",
			);
			runOnlyForDeploymentPostprocessing = 0;
			shellPath = /bin/sh;
			shellScript = "diff \"${PODS_PODFILE_DIR_PATH}/Podfile.lock\" \"${PODS_ROOT}/Manifest.lock\" > /dev/null\nif [ $? != 0 ] ; then\n    # print error to STDERR\n    echo \"error: The sandbox is not in sync with the Podfile.lock. Run 'pod install' or update your CocoaPods installation.\" >&2\n    exit 1\nfi\n# This output is used by Xcode 'outputs' to avoid re-running this script phase.\necho \"SUCCESS\" > \"${SCRIPT_OUTPUT_FILE_0}\"\n";
			showEnvVarsInLog = 0;
		};
/* End PBXShellScriptBuildPhase section */

/* Begin PBXSourcesBuildPhase section */
		516CE0CD21C7808D000D2A11 /* Sources */ = {
			isa = PBXSourcesBuildPhase;
			buildActionMask = 2147483647;
			files = (
				5142690F22C21FC7007FCA7F /* STEContactCollectionViewCell.swift in Sources */,
				514268F522C21FC7007FCA7F /* STEDetailContactTableViewController.swift in Sources */,
				514268FF22C21FC7007FCA7F /* STERecordButton.swift in Sources */,
				514268E822C21FC7007FCA7F /* STEString+Extensions.swift in Sources */,
				5142691522C21FC7007FCA7F /* UIColor+interpolation.swift in Sources */,
				5142691E22C21FC7007FCA7F /* STEMessagePresenting.swift in Sources */,
				513524EC21D0F6E5003ADD70 /* SampleAvatarItem.swift in Sources */,
				514268F622C21FC7007FCA7F /* STEContactManager.swift in Sources */,
				5142691122C21FC7007FCA7F /* STEMessageComposeTextView.swift in Sources */,
				516CE0EE21C78273000D2A11 /* StringeeImplement.swift in Sources */,
				5142691B22C21FC7007FCA7F /* STEObservingInputAccessoryView.swift in Sources */,
				5142690222C21FC7007FCA7F /* STEAvatarView.swift in Sources */,
				514268E422C21FC7007FCA7F /* STEAudioSession+Extensions.swift in Sources */,
				5142691222C21FC7007FCA7F /* STEConversationView.swift in Sources */,
				514268ED22C21FC7007FCA7F /* AVAudioSession+Swift.m in Sources */,
				5142690D22C21FC7007FCA7F /* STELocationCollectionViewCell.swift in Sources */,
				5142692022C21FC7007FCA7F /* STEConversationPresenting.swift in Sources */,
				514268E122C21FC7007FCA7F /* STEUIColor+Extensions.swift in Sources */,
				514268E922C21FC7007FCA7F /* STEUIView+Extensions.swift in Sources */,
				514268E522C21FC7007FCA7F /* STEUITableView+Extension.swift in Sources */,
				5142690022C21FC7007FCA7F /* STEContactTableViewCell.swift in Sources */,
				516CE10F21C7CF5A000D2A11 /* AppStateManager.swift in Sources */,
				5142690C22C21FC7007FCA7F /* STEVideoCollectionViewCell.swift in Sources */,
				514268E322C21FC7007FCA7F /* STEUIScreenExtensions.swift in Sources */,
				514268FD22C21FC7007FCA7F /* STELoadMoreActivityIndicator.swift in Sources */,
				514268EE22C21FC7007FCA7F /* STETapGestureRecognizer.swift in Sources */,
				5142690422C21FC7007FCA7F /* STEStickerMessageCollectionViewCell.swift in Sources */,
				5142691622C21FC7007FCA7F /* STEStickerPackageViewController.swift in Sources */,
				514268F222C21FC7007FCA7F /* STEConversationListViewController.swift in Sources */,
				5142691022C21FC7007FCA7F /* STECollectionReusableViewHeaderView.swift in Sources */,
				516CE0FF21C7BB76000D2A11 /* SampleConversationListViewController.swift in Sources */,
				514268F122C21FC7007FCA7F /* STEAudioViewController.swift in Sources */,
				5142690322C21FC7007FCA7F /* STEConversationCollectionView.swift in Sources */,
				514268F722C21FC7007FCA7F /* STEDataManager.swift in Sources */,
				514268EC22C21FC7007FCA7F /* STEUtils.swift in Sources */,
				5142690B22C21FC7007FCA7F /* STENotifyCollectionViewCell.swift in Sources */,
				514268E222C21FC7007FCA7F /* STEUIImage+Extensions.swift in Sources */,
				5142690E22C21FC7007FCA7F /* STEAudioCollectionViewCell.swift in Sources */,
				51721C5E21DCDF7100A4B550 /* SampleConversationViewController.swift in Sources */,
				514268FE22C21FC7007FCA7F /* STEMediaSourceCollectionViewCell.swift in Sources */,
				514268EB22C21FC7007FCA7F /* STEMessagingUtilities.swift in Sources */,
				514268F922C21FC7007FCA7F /* STEBaseConversationViewController.swift in Sources */,
				5142690922C21FC7007FCA7F /* STETextCollectionViewCell.swift in Sources */,
				5142690522C21FC7007FCA7F /* STEMessageStatusView.swift in Sources */,
				514268F422C21FC7007FCA7F /* STEPlayerManager.swift in Sources */,
				514268F322C21FC7007FCA7F /* STELocationViewController.swift in Sources */,
				514268F822C21FC7007FCA7F /* STEStickerManager.swift in Sources */,
				514268FA22C21FC7007FCA7F /* STEConversationViewController.swift in Sources */,
				514268E722C21FC7007FCA7F /* STEArray+Extensions.swift in Sources */,
				514268FC22C21FC7007FCA7F /* STEConversationTableViewCell.swift in Sources */,
				514268EA22C21FC7007FCA7F /* STECommon.swift in Sources */,
				5142691422C21FC7007FCA7F /* IconPagingCell.swift in Sources */,
				514268E022C21FC7007FCA7F /* STEAvatarData.swift in Sources */,
				5142690622C21FC7007FCA7F /* STEBaseCollectionViewCell.swift in Sources */,
				514268E622C21FC7007FCA7F /* STECollectionView+Extensions.swift in Sources */,
				514268F022C21FC7007FCA7F /* STEMediaSourceCollectionViewController.swift in Sources */,
				5142690722C21FC7007FCA7F /* STEFileCollectionViewCell.swift in Sources */,
				5142691322C21FC7007FCA7F /* STEPagingViewController.swift in Sources */,
				5142691C22C21FC7007FCA7F /* STEProgressView.swift in Sources */,
				5142691A22C21FC7007FCA7F /* STEStickerPackageTableViewCell.swift in Sources */,
				514268DF22C21FC7007FCA7F /* STEVCard.swift in Sources */,
				5142690122C21FC7007FCA7F /* STESkeletonView.swift in Sources */,
				5142691822C21FC7007FCA7F /* STEStickerCollectionViewCell.swift in Sources */,
				514268EF22C21FC7007FCA7F /* STEContactTableViewController.swift in Sources */,
				5142691922C21FC7007FCA7F /* STEStickerViewController.swift in Sources */,
				5142690A22C21FC7007FCA7F /* STEPhotoCollectionViewCell.swift in Sources */,
				5142690822C21FC7007FCA7F /* STEMessageBubbleView.swift in Sources */,
				5142691D22C21FC7007FCA7F /* STEMessageInputToolbar.swift in Sources */,
				5142691F22C21FC7007FCA7F /* STEAvatarItem.swift in Sources */,
				514268DE22C21FC7007FCA7F /* STESTickerPackage.swift in Sources */,
				516CE0D521C7808D000D2A11 /* AppDelegate.swift in Sources */,
				5142691722C21FC7007FCA7F /* IconItem.swift in Sources */,
			);
			runOnlyForDeploymentPostprocessing = 0;
		};
/* End PBXSourcesBuildPhase section */

/* Begin PBXVariantGroup section */
		516CE0D821C7808D000D2A11 /* Main.storyboard */ = {
			isa = PBXVariantGroup;
			children = (
				516CE0D921C7808D000D2A11 /* Base */,
			);
			name = Main.storyboard;
			sourceTree = "<group>";
		};
		516CE0DD21C7808E000D2A11 /* LaunchScreen.storyboard */ = {
			isa = PBXVariantGroup;
			children = (
				516CE0DE21C7808E000D2A11 /* Base */,
			);
			name = LaunchScreen.storyboard;
			sourceTree = "<group>";
		};
/* End PBXVariantGroup section */

/* Begin XCBuildConfiguration section */
		516CE0E121C7808E000D2A11 /* Debug */ = {
			isa = XCBuildConfiguration;
			buildSettings = {
				ALWAYS_SEARCH_USER_PATHS = NO;
				CLANG_ANALYZER_NONNULL = YES;
				CLANG_ANALYZER_NUMBER_OBJECT_CONVERSION = YES_AGGRESSIVE;
				CLANG_CXX_LANGUAGE_STANDARD = "gnu++14";
				CLANG_CXX_LIBRARY = "libc++";
				CLANG_ENABLE_MODULES = YES;
				CLANG_ENABLE_OBJC_ARC = YES;
				CLANG_ENABLE_OBJC_WEAK = YES;
				CLANG_WARN_BLOCK_CAPTURE_AUTORELEASING = YES;
				CLANG_WARN_BOOL_CONVERSION = YES;
				CLANG_WARN_COMMA = YES;
				CLANG_WARN_CONSTANT_CONVERSION = YES;
				CLANG_WARN_DEPRECATED_OBJC_IMPLEMENTATIONS = YES;
				CLANG_WARN_DIRECT_OBJC_ISA_USAGE = YES_ERROR;
				CLANG_WARN_DOCUMENTATION_COMMENTS = YES;
				CLANG_WARN_EMPTY_BODY = YES;
				CLANG_WARN_ENUM_CONVERSION = YES;
				CLANG_WARN_INFINITE_RECURSION = YES;
				CLANG_WARN_INT_CONVERSION = YES;
				CLANG_WARN_NON_LITERAL_NULL_CONVERSION = YES;
				CLANG_WARN_OBJC_IMPLICIT_RETAIN_SELF = YES;
				CLANG_WARN_OBJC_LITERAL_CONVERSION = YES;
				CLANG_WARN_OBJC_ROOT_CLASS = YES_ERROR;
				CLANG_WARN_RANGE_LOOP_ANALYSIS = YES;
				CLANG_WARN_STRICT_PROTOTYPES = YES;
				CLANG_WARN_SUSPICIOUS_MOVE = YES;
				CLANG_WARN_UNGUARDED_AVAILABILITY = YES_AGGRESSIVE;
				CLANG_WARN_UNREACHABLE_CODE = YES;
				CLANG_WARN__DUPLICATE_METHOD_MATCH = YES;
				CODE_SIGN_IDENTITY = "iPhone Developer";
				COPY_PHASE_STRIP = NO;
				DEBUG_INFORMATION_FORMAT = dwarf;
				ENABLE_STRICT_OBJC_MSGSEND = YES;
				ENABLE_TESTABILITY = YES;
				GCC_C_LANGUAGE_STANDARD = gnu11;
				GCC_DYNAMIC_NO_PIC = NO;
				GCC_NO_COMMON_BLOCKS = YES;
				GCC_OPTIMIZATION_LEVEL = 0;
				GCC_PREPROCESSOR_DEFINITIONS = (
					"DEBUG=1",
					"$(inherited)",
				);
				GCC_WARN_64_TO_32_BIT_CONVERSION = YES;
				GCC_WARN_ABOUT_RETURN_TYPE = YES_ERROR;
				GCC_WARN_UNDECLARED_SELECTOR = YES;
				GCC_WARN_UNINITIALIZED_AUTOS = YES_AGGRESSIVE;
				GCC_WARN_UNUSED_FUNCTION = YES;
				GCC_WARN_UNUSED_VARIABLE = YES;
				IPHONEOS_DEPLOYMENT_TARGET = 12.1;
				MTL_ENABLE_DEBUG_INFO = INCLUDE_SOURCE;
				MTL_FAST_MATH = YES;
				ONLY_ACTIVE_ARCH = YES;
				SDKROOT = iphoneos;
				SWIFT_ACTIVE_COMPILATION_CONDITIONS = DEBUG;
				SWIFT_OPTIMIZATION_LEVEL = "-Onone";
			};
			name = Debug;
		};
		516CE0E221C7808E000D2A11 /* Release */ = {
			isa = XCBuildConfiguration;
			buildSettings = {
				ALWAYS_SEARCH_USER_PATHS = NO;
				CLANG_ANALYZER_NONNULL = YES;
				CLANG_ANALYZER_NUMBER_OBJECT_CONVERSION = YES_AGGRESSIVE;
				CLANG_CXX_LANGUAGE_STANDARD = "gnu++14";
				CLANG_CXX_LIBRARY = "libc++";
				CLANG_ENABLE_MODULES = YES;
				CLANG_ENABLE_OBJC_ARC = YES;
				CLANG_ENABLE_OBJC_WEAK = YES;
				CLANG_WARN_BLOCK_CAPTURE_AUTORELEASING = YES;
				CLANG_WARN_BOOL_CONVERSION = YES;
				CLANG_WARN_COMMA = YES;
				CLANG_WARN_CONSTANT_CONVERSION = YES;
				CLANG_WARN_DEPRECATED_OBJC_IMPLEMENTATIONS = YES;
				CLANG_WARN_DIRECT_OBJC_ISA_USAGE = YES_ERROR;
				CLANG_WARN_DOCUMENTATION_COMMENTS = YES;
				CLANG_WARN_EMPTY_BODY = YES;
				CLANG_WARN_ENUM_CONVERSION = YES;
				CLANG_WARN_INFINITE_RECURSION = YES;
				CLANG_WARN_INT_CONVERSION = YES;
				CLANG_WARN_NON_LITERAL_NULL_CONVERSION = YES;
				CLANG_WARN_OBJC_IMPLICIT_RETAIN_SELF = YES;
				CLANG_WARN_OBJC_LITERAL_CONVERSION = YES;
				CLANG_WARN_OBJC_ROOT_CLASS = YES_ERROR;
				CLANG_WARN_RANGE_LOOP_ANALYSIS = YES;
				CLANG_WARN_STRICT_PROTOTYPES = YES;
				CLANG_WARN_SUSPICIOUS_MOVE = YES;
				CLANG_WARN_UNGUARDED_AVAILABILITY = YES_AGGRESSIVE;
				CLANG_WARN_UNREACHABLE_CODE = YES;
				CLANG_WARN__DUPLICATE_METHOD_MATCH = YES;
				CODE_SIGN_IDENTITY = "iPhone Developer";
				COPY_PHASE_STRIP = NO;
				DEBUG_INFORMATION_FORMAT = "dwarf-with-dsym";
				ENABLE_NS_ASSERTIONS = NO;
				ENABLE_STRICT_OBJC_MSGSEND = YES;
				GCC_C_LANGUAGE_STANDARD = gnu11;
				GCC_NO_COMMON_BLOCKS = YES;
				GCC_WARN_64_TO_32_BIT_CONVERSION = YES;
				GCC_WARN_ABOUT_RETURN_TYPE = YES_ERROR;
				GCC_WARN_UNDECLARED_SELECTOR = YES;
				GCC_WARN_UNINITIALIZED_AUTOS = YES_AGGRESSIVE;
				GCC_WARN_UNUSED_FUNCTION = YES;
				GCC_WARN_UNUSED_VARIABLE = YES;
				IPHONEOS_DEPLOYMENT_TARGET = 12.1;
				MTL_ENABLE_DEBUG_INFO = NO;
				MTL_FAST_MATH = YES;
				SDKROOT = iphoneos;
				SWIFT_COMPILATION_MODE = wholemodule;
				SWIFT_OPTIMIZATION_LEVEL = "-O";
				VALIDATE_PRODUCT = YES;
			};
			name = Release;
		};
		516CE0E421C7808E000D2A11 /* Debug */ = {
			isa = XCBuildConfiguration;
			baseConfigurationReference = 5212D5BE5A0962FF166B60E6 /* Pods-ChatSampleSwift.debug.xcconfig */;
			buildSettings = {
				ASSETCATALOG_COMPILER_APPICON_NAME = AppIcon;
				CLANG_ALLOW_NON_MODULAR_INCLUDES_IN_FRAMEWORK_MODULES = NO;
				CODE_SIGN_STYLE = Manual;
				DEVELOPMENT_TEAM = 9L439MV268;
				ENABLE_BITCODE = NO;
				FRAMEWORK_SEARCH_PATHS = (
					"$(inherited)",
					"$(PROJECT_DIR)",
				);
				INFOPLIST_FILE = ChatSampleSwift/Info.plist;
				IPHONEOS_DEPLOYMENT_TARGET = 9.0;
				LD_RUNPATH_SEARCH_PATHS = (
					"$(inherited)",
					"@executable_path/Frameworks",
				);
				OTHER_LDFLAGS = (
					"$(inherited)",
					"-ObjC",
				);
				PRODUCT_BUNDLE_IDENTIFIER = com.stringee.CallkitSample;
				PRODUCT_NAME = "$(TARGET_NAME)";
				PROVISIONING_PROFILE_SPECIFIER = CallkitProDev;
				SWIFT_OBJC_BRIDGING_HEADER = "/Users/hoangduoc/Desktop/iOS/ChatSampleSwift/ChatSampleSwift/ChatSampleSwift-Bridging-Header.h";
				SWIFT_VERSION = 4.2;
				TARGETED_DEVICE_FAMILY = "1,2";
			};
			name = Debug;
		};
		516CE0E521C7808E000D2A11 /* Release */ = {
			isa = XCBuildConfiguration;
			baseConfigurationReference = F224AA948F48A0C371ADC5F1 /* Pods-ChatSampleSwift.release.xcconfig */;
			buildSettings = {
				ASSETCATALOG_COMPILER_APPICON_NAME = AppIcon;
				CLANG_ALLOW_NON_MODULAR_INCLUDES_IN_FRAMEWORK_MODULES = NO;
				CODE_SIGN_STYLE = Manual;
				DEVELOPMENT_TEAM = "";
				ENABLE_BITCODE = NO;
				FRAMEWORK_SEARCH_PATHS = (
					"$(inherited)",
					"$(PROJECT_DIR)",
				);
				INFOPLIST_FILE = ChatSampleSwift/Info.plist;
				IPHONEOS_DEPLOYMENT_TARGET = 9.0;
				LD_RUNPATH_SEARCH_PATHS = (
					"$(inherited)",
					"@executable_path/Frameworks",
				);
				OTHER_LDFLAGS = (
					"$(inherited)",
					"-ObjC",
				);
				PRODUCT_BUNDLE_IDENTIFIER = com.stringee.CallkitSample;
				PRODUCT_NAME = "$(TARGET_NAME)";
				PROVISIONING_PROFILE_SPECIFIER = "";
				SWIFT_OBJC_BRIDGING_HEADER = "/Users/hoangduoc/Desktop/iOS/ChatSampleSwift/ChatSampleSwift/ChatSampleSwift-Bridging-Header.h";
				SWIFT_VERSION = 4.2;
				TARGETED_DEVICE_FAMILY = "1,2";
			};
			name = Release;
		};
/* End XCBuildConfiguration section */

/* Begin XCConfigurationList section */
		516CE0CC21C7808D000D2A11 /* Build configuration list for PBXProject "ChatSampleSwift" */ = {
			isa = XCConfigurationList;
			buildConfigurations = (
				516CE0E121C7808E000D2A11 /* Debug */,
				516CE0E221C7808E000D2A11 /* Release */,
			);
			defaultConfigurationIsVisible = 0;
			defaultConfigurationName = Release;
		};
		516CE0E321C7808E000D2A11 /* Build configuration list for PBXNativeTarget "ChatSampleSwift" */ = {
			isa = XCConfigurationList;
			buildConfigurations = (
				516CE0E421C7808E000D2A11 /* Debug */,
				516CE0E521C7808E000D2A11 /* Release */,
			);
			defaultConfigurationIsVisible = 0;
			defaultConfigurationName = Release;
		};
/* End XCConfigurationList section */
	};
	rootObject = 516CE0C921C7808D000D2A11 /* Project object */;
}
