PODS:
  - GoogleWebRTC (1.1.31999)
  - NSTEasyJSON (1.0.6)
  - Stringee (1.8.3):
    - GoogleWebRTC (= 1.1.31999)

DEPENDENCIES:
  - NSTEasyJSON
  - Stringee

SPEC REPOS:
  trunk:
    - GoogleWebRTC
    - NSTEasyJSON
    - Stringee

SPEC CHECKSUMS:
  GoogleWebRTC: b39a78c4f5cc6b0323415b9233db03a2faa7b0f0
  NSTEasyJSON: 71399a97a84f35e31a7caa98e1385764d66d5e6d
  Stringee: ac1cd3ad613cfcf8486f5d79eb96d5616884a0fc

PODFILE CHECKSUM: 3a51c12235791adf2e50812d04ed9fd3426064f0

COCOAPODS: 1.10.1
