// !$*UTF8*$!
{
	archiveVersion = 1;
	classes = {
	};
	objectVersion = 50;
	objects = {

/* Begin PBXBuildFile section */
		7345B656FE433B258D95C9A0 /* Pods_CallkitSample_Swift.framework in Frameworks */ = {isa = PBXBuildFile; fileRef = FFD221D19C0C5971F6EC474A /* Pods_CallkitSample_Swift.framework */; };
		D40FC04223F118F800A50A8C /* InstanceManager.swift in Sources */ = {isa = PBXBuildFile; fileRef = D40FC04123F118F800A50A8C /* InstanceManager.swift */; };
		D40FC04623F11AE500A50A8C /* CallingViewController.swift in Sources */ = {isa = PBXBuildFile; fileRef = D40FC04423F11AE500A50A8C /* CallingViewController.swift */; };
		D40FC04723F11AE500A50A8C /* CallingViewController.xib in Resources */ = {isa = PBXBuildFile; fileRef = D40FC04523F11AE500A50A8C /* CallingViewController.xib */; };
		D429422D23F10A1500A6F707 /* AppDelegate.swift in Sources */ = {isa = PBXBuildFile; fileRef = D429422C23F10A1500A6F707 /* AppDelegate.swift */; };
		D429423223F10A1500A6F707 /* Main.storyboard in Resources */ = {isa = PBXBuildFile; fileRef = D429423023F10A1500A6F707 /* Main.storyboard */; };
		D429423423F10A1800A6F707 /* Assets.xcassets in Resources */ = {isa = PBXBuildFile; fileRef = D429423323F10A1800A6F707 /* Assets.xcassets */; };
		D429423723F10A1800A6F707 /* LaunchScreen.storyboard in Resources */ = {isa = PBXBuildFile; fileRef = D429423523F10A1800A6F707 /* LaunchScreen.storyboard */; };
		D429423F23F112CC00A6F707 /* HomeViewController.swift in Sources */ = {isa = PBXBuildFile; fileRef = D429423E23F112CC00A6F707 /* HomeViewController.swift */; };
		D46325B1241F2346007A0082 /* WebRTC.framework in Embed Frameworks */ = {isa = PBXBuildFile; fileRef = D46325AF241F2345007A0082 /* WebRTC.framework */; settings = {ATTRIBUTES = (CodeSignOnCopy, RemoveHeadersOnCopy, ); }; };
		D46325B2241F2346007A0082 /* Stringee.framework in Frameworks */ = {isa = PBXBuildFile; fileRef = D46325B0241F2346007A0082 /* Stringee.framework */; };
		D499243523F25BAF004E0405 /* SystemCallManager.swift in Sources */ = {isa = PBXBuildFile; fileRef = D499243423F25BAF004E0405 /* SystemCallManager.swift */; };
		D4A8C3AA23F6989F00548E24 /* Reporter.swift in Sources */ = {isa = PBXBuildFile; fileRef = D4A8C3A923F6989F00548E24 /* Reporter.swift */; };
		D4AFA12F23F16BD200A54631 /* PushKit.framework in Frameworks */ = {isa = PBXBuildFile; fileRef = D4AFA12E23F16BD200A54631 /* PushKit.framework */; };
		D4AFA13123F16BD800A54631 /* CallKit.framework in Frameworks */ = {isa = PBXBuildFile; fileRef = D4AFA13023F16BD800A54631 /* CallKit.framework */; };
		D4D1C11123FBCB60006D40B4 /* StringeeCallCenter.swift.swift in Sources */ = {isa = PBXBuildFile; fileRef = D4D1C11023FBCB60006D40B4 /* StringeeCallCenter.swift.swift */; };
		D4EC434F23F6B3C40032566A /* incoming_call.aif in Resources */ = {isa = PBXBuildFile; fileRef = D4EC434E23F6B3C40032566A /* incoming_call.aif */; };
		D4F49023240383CB0060FF68 /* VideoToolbox.framework in Frameworks */ = {isa = PBXBuildFile; fileRef = D4F49022240383CB0060FF68 /* VideoToolbox.framework */; };
		D4F49025240383D40060FF68 /* AudioToolbox.framework in Frameworks */ = {isa = PBXBuildFile; fileRef = D4F49024240383D30060FF68 /* AudioToolbox.framework */; };
		D4F49027240383DC0060FF68 /* GLKit.framework in Frameworks */ = {isa = PBXBuildFile; fileRef = D4F49026240383DC0060FF68 /* GLKit.framework */; };
		D4F49029240383FE0060FF68 /* libicucore.tbd in Frameworks */ = {isa = PBXBuildFile; fileRef = D4F49028240383FE0060FF68 /* libicucore.tbd */; };
		D4F4902B240384090060FF68 /* libc++.tbd in Frameworks */ = {isa = PBXBuildFile; fileRef = D4F4902A240384090060FF68 /* libc++.tbd */; };
/* End PBXBuildFile section */

/* Begin PBXCopyFilesBuildPhase section */
		D4F49030240384F10060FF68 /* Embed Frameworks */ = {
			isa = PBXCopyFilesBuildPhase;
			buildActionMask = 2147483647;
			dstPath = "";
			dstSubfolderSpec = 10;
			files = (
				D46325B1241F2346007A0082 /* WebRTC.framework in Embed Frameworks */,
			);
			name = "Embed Frameworks";
			runOnlyForDeploymentPostprocessing = 0;
		};
/* End PBXCopyFilesBuildPhase section */

/* Begin PBXFileReference section */
		A6CAC93248F759CB0E8DBF99 /* Pods-CallkitSample-Swift.release.xcconfig */ = {isa = PBXFileReference; includeInIndex = 1; lastKnownFileType = text.xcconfig; name = "Pods-CallkitSample-Swift.release.xcconfig"; path = "Target Support Files/Pods-CallkitSample-Swift/Pods-CallkitSample-Swift.release.xcconfig"; sourceTree = "<group>"; };
		AC88DD8CC733E16115FB7DC0 /* Pods-CallkitSample-Swift.debug.xcconfig */ = {isa = PBXFileReference; includeInIndex = 1; lastKnownFileType = text.xcconfig; name = "Pods-CallkitSample-Swift.debug.xcconfig"; path = "Target Support Files/Pods-CallkitSample-Swift/Pods-CallkitSample-Swift.debug.xcconfig"; sourceTree = "<group>"; };
		D40FC03E23F1182A00A50A8C /* CallkitSample-Swift-Bridging-Header.h */ = {isa = PBXFileReference; lastKnownFileType = sourcecode.c.h; path = "CallkitSample-Swift-Bridging-Header.h"; sourceTree = "<group>"; };
		D40FC04123F118F800A50A8C /* InstanceManager.swift */ = {isa = PBXFileReference; lastKnownFileType = sourcecode.swift; path = InstanceManager.swift; sourceTree = "<group>"; };
		D40FC04423F11AE500A50A8C /* CallingViewController.swift */ = {isa = PBXFileReference; lastKnownFileType = sourcecode.swift; path = CallingViewController.swift; sourceTree = "<group>"; };
		D40FC04523F11AE500A50A8C /* CallingViewController.xib */ = {isa = PBXFileReference; lastKnownFileType = file.xib; path = CallingViewController.xib; sourceTree = "<group>"; };
		D429422923F10A1500A6F707 /* CallkitSample-Swift.app */ = {isa = PBXFileReference; explicitFileType = wrapper.application; includeInIndex = 0; path = "CallkitSample-Swift.app"; sourceTree = BUILT_PRODUCTS_DIR; };
		D429422C23F10A1500A6F707 /* AppDelegate.swift */ = {isa = PBXFileReference; lastKnownFileType = sourcecode.swift; path = AppDelegate.swift; sourceTree = "<group>"; };
		D429423123F10A1500A6F707 /* Base */ = {isa = PBXFileReference; lastKnownFileType = file.storyboard; name = Base; path = Base.lproj/Main.storyboard; sourceTree = "<group>"; };
		D429423323F10A1800A6F707 /* Assets.xcassets */ = {isa = PBXFileReference; lastKnownFileType = folder.assetcatalog; path = Assets.xcassets; sourceTree = "<group>"; };
		D429423623F10A1800A6F707 /* Base */ = {isa = PBXFileReference; lastKnownFileType = file.storyboard; name = Base; path = Base.lproj/LaunchScreen.storyboard; sourceTree = "<group>"; };
		D429423823F10A1800A6F707 /* Info.plist */ = {isa = PBXFileReference; lastKnownFileType = text.plist.xml; path = Info.plist; sourceTree = "<group>"; };
		D429423E23F112CC00A6F707 /* HomeViewController.swift */ = {isa = PBXFileReference; lastKnownFileType = sourcecode.swift; path = HomeViewController.swift; sourceTree = "<group>"; };
		D46325AF241F2345007A0082 /* WebRTC.framework */ = {isa = PBXFileReference; lastKnownFileType = wrapper.framework; path = WebRTC.framework; sourceTree = "<group>"; };
		D46325B0241F2346007A0082 /* Stringee.framework */ = {isa = PBXFileReference; lastKnownFileType = wrapper.framework; path = Stringee.framework; sourceTree = "<group>"; };
		D499243323F25235004E0405 /* CallkitSample-Swift.entitlements */ = {isa = PBXFileReference; lastKnownFileType = text.plist.entitlements; path = "CallkitSample-Swift.entitlements"; sourceTree = "<group>"; };
		D499243423F25BAF004E0405 /* SystemCallManager.swift */ = {isa = PBXFileReference; lastKnownFileType = sourcecode.swift; path = SystemCallManager.swift; sourceTree = "<group>"; };
		D4A8C3A923F6989F00548E24 /* Reporter.swift */ = {isa = PBXFileReference; lastKnownFileType = sourcecode.swift; path = Reporter.swift; sourceTree = "<group>"; };
		D4AFA12E23F16BD200A54631 /* PushKit.framework */ = {isa = PBXFileReference; lastKnownFileType = wrapper.framework; name = PushKit.framework; path = System/Library/Frameworks/PushKit.framework; sourceTree = SDKROOT; };
		D4AFA13023F16BD800A54631 /* CallKit.framework */ = {isa = PBXFileReference; lastKnownFileType = wrapper.framework; name = CallKit.framework; path = System/Library/Frameworks/CallKit.framework; sourceTree = SDKROOT; };
		D4D1C11023FBCB60006D40B4 /* StringeeCallCenter.swift.swift */ = {isa = PBXFileReference; fileEncoding = 4; lastKnownFileType = sourcecode.swift; path = StringeeCallCenter.swift.swift; sourceTree = "<group>"; };
		D4EC434E23F6B3C40032566A /* incoming_call.aif */ = {isa = PBXFileReference; lastKnownFileType = file; path = incoming_call.aif; sourceTree = "<group>"; };
		D4F49022240383CB0060FF68 /* VideoToolbox.framework */ = {isa = PBXFileReference; lastKnownFileType = wrapper.framework; name = VideoToolbox.framework; path = System/Library/Frameworks/VideoToolbox.framework; sourceTree = SDKROOT; };
		D4F49024240383D30060FF68 /* AudioToolbox.framework */ = {isa = PBXFileReference; lastKnownFileType = wrapper.framework; name = AudioToolbox.framework; path = System/Library/Frameworks/AudioToolbox.framework; sourceTree = SDKROOT; };
		D4F49026240383DC0060FF68 /* GLKit.framework */ = {isa = PBXFileReference; lastKnownFileType = wrapper.framework; name = GLKit.framework; path = System/Library/Frameworks/GLKit.framework; sourceTree = SDKROOT; };
		D4F49028240383FE0060FF68 /* libicucore.tbd */ = {isa = PBXFileReference; lastKnownFileType = "sourcecode.text-based-dylib-definition"; name = libicucore.tbd; path = usr/lib/libicucore.tbd; sourceTree = SDKROOT; };
		D4F4902A240384090060FF68 /* libc++.tbd */ = {isa = PBXFileReference; lastKnownFileType = "sourcecode.text-based-dylib-definition"; name = "libc++.tbd"; path = "usr/lib/libc++.tbd"; sourceTree = SDKROOT; };
		FFD221D19C0C5971F6EC474A /* Pods_CallkitSample_Swift.framework */ = {isa = PBXFileReference; explicitFileType = wrapper.framework; includeInIndex = 0; path = Pods_CallkitSample_Swift.framework; sourceTree = BUILT_PRODUCTS_DIR; };
/* End PBXFileReference section */

/* Begin PBXFrameworksBuildPhase section */
		D429422623F10A1500A6F707 /* Frameworks */ = {
			isa = PBXFrameworksBuildPhase;
			buildActionMask = 2147483647;
			files = (
				D4F4902B240384090060FF68 /* libc++.tbd in Frameworks */,
				D46325B2241F2346007A0082 /* Stringee.framework in Frameworks */,
				D4F49029240383FE0060FF68 /* libicucore.tbd in Frameworks */,
				D4F49027240383DC0060FF68 /* GLKit.framework in Frameworks */,
				D4F49025240383D40060FF68 /* AudioToolbox.framework in Frameworks */,
				D4F49023240383CB0060FF68 /* VideoToolbox.framework in Frameworks */,
				D4AFA13123F16BD800A54631 /* CallKit.framework in Frameworks */,
				D4AFA12F23F16BD200A54631 /* PushKit.framework in Frameworks */,
				7345B656FE433B258D95C9A0 /* Pods_CallkitSample_Swift.framework in Frameworks */,
			);
			runOnlyForDeploymentPostprocessing = 0;
		};
/* End PBXFrameworksBuildPhase section */

/* Begin PBXGroup section */
		C32F881BD811291A0EB646B9 /* Frameworks */ = {
			isa = PBXGroup;
			children = (
				D4F4902A240384090060FF68 /* libc++.tbd */,
				D4F49028240383FE0060FF68 /* libicucore.tbd */,
				D4F49026240383DC0060FF68 /* GLKit.framework */,
				D4F49024240383D30060FF68 /* AudioToolbox.framework */,
				D4F49022240383CB0060FF68 /* VideoToolbox.framework */,
				D4AFA13023F16BD800A54631 /* CallKit.framework */,
				D4AFA12E23F16BD200A54631 /* PushKit.framework */,
				FFD221D19C0C5971F6EC474A /* Pods_CallkitSample_Swift.framework */,
			);
			name = Frameworks;
			sourceTree = "<group>";
		};
		D014575BFE38B17FD568062C /* Pods */ = {
			isa = PBXGroup;
			children = (
				AC88DD8CC733E16115FB7DC0 /* Pods-CallkitSample-Swift.debug.xcconfig */,
				A6CAC93248F759CB0E8DBF99 /* Pods-CallkitSample-Swift.release.xcconfig */,
			);
			path = Pods;
			sourceTree = "<group>";
		};
		D40FC04323F11AC200A50A8C /* CallingVC */ = {
			isa = PBXGroup;
			children = (
				D40FC04423F11AE500A50A8C /* CallingViewController.swift */,
				D40FC04523F11AE500A50A8C /* CallingViewController.xib */,
			);
			path = CallingVC;
			sourceTree = "<group>";
		};
		D429422023F10A1500A6F707 = {
			isa = PBXGroup;
			children = (
				D429422B23F10A1500A6F707 /* CallkitSample-Swift */,
				D429422A23F10A1500A6F707 /* Products */,
				D014575BFE38B17FD568062C /* Pods */,
				C32F881BD811291A0EB646B9 /* Frameworks */,
			);
			sourceTree = "<group>";
		};
		D429422A23F10A1500A6F707 /* Products */ = {
			isa = PBXGroup;
			children = (
				D429422923F10A1500A6F707 /* CallkitSample-Swift.app */,
			);
			name = Products;
			sourceTree = "<group>";
		};
		D429422B23F10A1500A6F707 /* CallkitSample-Swift */ = {
			isa = PBXGroup;
			children = (
				D46325B0241F2346007A0082 /* Stringee.framework */,
				D46325AF241F2345007A0082 /* WebRTC.framework */,
				D429422C23F10A1500A6F707 /* AppDelegate.swift */,
				D4D1C11023FBCB60006D40B4 /* StringeeCallCenter.swift.swift */,
				D499243423F25BAF004E0405 /* SystemCallManager.swift */,
				D40FC04123F118F800A50A8C /* InstanceManager.swift */,
				D4A8C3A923F6989F00548E24 /* Reporter.swift */,
				D429423E23F112CC00A6F707 /* HomeViewController.swift */,
				D429423023F10A1500A6F707 /* Main.storyboard */,
				D40FC04323F11AC200A50A8C /* CallingVC */,
				D4EC434E23F6B3C40032566A /* incoming_call.aif */,
				D429423323F10A1800A6F707 /* Assets.xcassets */,
				D429423523F10A1800A6F707 /* LaunchScreen.storyboard */,
				D429423823F10A1800A6F707 /* Info.plist */,
				D499243323F25235004E0405 /* CallkitSample-Swift.entitlements */,
				D40FC03E23F1182A00A50A8C /* CallkitSample-Swift-Bridging-Header.h */,
			);
			path = "CallkitSample-Swift";
			sourceTree = "<group>";
		};
/* End PBXGroup section */

/* Begin PBXNativeTarget section */
		D429422823F10A1500A6F707 /* CallkitSample-Swift */ = {
			isa = PBXNativeTarget;
			buildConfigurationList = D429423B23F10A1800A6F707 /* Build configuration list for PBXNativeTarget "CallkitSample-Swift" */;
			buildPhases = (
				DE9613C371AAD0896B209CD9 /* [CP] Check Pods Manifest.lock */,
				D429422523F10A1500A6F707 /* Sources */,
				D429422623F10A1500A6F707 /* Frameworks */,
				D429422723F10A1500A6F707 /* Resources */,
				D4F49030240384F10060FF68 /* Embed Frameworks */,
			);
			buildRules = (
			);
			dependencies = (
			);
			name = "CallkitSample-Swift";
			productName = "CallkitSample-Swift";
			productReference = D429422923F10A1500A6F707 /* CallkitSample-Swift.app */;
			productType = "com.apple.product-type.application";
		};
/* End PBXNativeTarget section */

/* Begin PBXProject section */
		D429422123F10A1500A6F707 /* Project object */ = {
			isa = PBXProject;
			attributes = {
				LastSwiftUpdateCheck = 1030;
				LastUpgradeCheck = 1030;
				ORGANIZATIONNAME = ThinhNT;
				TargetAttributes = {
					D429422823F10A1500A6F707 = {
						CreatedOnToolsVersion = 10.3;
						LastSwiftMigration = 1130;
					};
				};
			};
			buildConfigurationList = D429422423F10A1500A6F707 /* Build configuration list for PBXProject "CallkitSample-Swift" */;
			compatibilityVersion = "Xcode 9.3";
			developmentRegion = en;
			hasScannedForEncodings = 0;
			knownRegions = (
				en,
				Base,
			);
			mainGroup = D429422023F10A1500A6F707;
			productRefGroup = D429422A23F10A1500A6F707 /* Products */;
			projectDirPath = "";
			projectRoot = "";
			targets = (
				D429422823F10A1500A6F707 /* CallkitSample-Swift */,
			);
		};
/* End PBXProject section */

/* Begin PBXResourcesBuildPhase section */
		D429422723F10A1500A6F707 /* Resources */ = {
			isa = PBXResourcesBuildPhase;
			buildActionMask = 2147483647;
			files = (
				D429423723F10A1800A6F707 /* LaunchScreen.storyboard in Resources */,
				D4EC434F23F6B3C40032566A /* incoming_call.aif in Resources */,
				D429423423F10A1800A6F707 /* Assets.xcassets in Resources */,
				D429423223F10A1500A6F707 /* Main.storyboard in Resources */,
				D40FC04723F11AE500A50A8C /* CallingViewController.xib in Resources */,
			);
			runOnlyForDeploymentPostprocessing = 0;
		};
/* End PBXResourcesBuildPhase section */

/* Begin PBXShellScriptBuildPhase section */
		DE9613C371AAD0896B209CD9 /* [CP] Check Pods Manifest.lock */ = {
			isa = PBXShellScriptBuildPhase;
			buildActionMask = 2147483647;
			files = (
			);
			inputFileListPaths = (
			);
			inputPaths = (
				"${PODS_PODFILE_DIR_PATH}/Podfile.lock",
				"${PODS_ROOT}/Manifest.lock",
			);
			name = "[CP] Check Pods Manifest.lock";
			outputFileListPaths = (
			);
			outputPaths = (
				"$(DERIVED_FILE_DIR)/Pods-CallkitSample-Swift-checkManifestLockResult.txt",
			);
			runOnlyForDeploymentPostprocessing = 0;
			shellPath = /bin/sh;
			shellScript = "diff \"${PODS_PODFILE_DIR_PATH}/Podfile.lock\" \"${PODS_ROOT}/Manifest.lock\" > /dev/null\nif [ $? != 0 ] ; then\n    # print error to STDERR\n    echo \"error: The sandbox is not in sync with the Podfile.lock. Run 'pod install' or update your CocoaPods installation.\" >&2\n    exit 1\nfi\n# This output is used by Xcode 'outputs' to avoid re-running this script phase.\necho \"SUCCESS\" > \"${SCRIPT_OUTPUT_FILE_0}\"\n";
			showEnvVarsInLog = 0;
		};
/* End PBXShellScriptBuildPhase section */

/* Begin PBXSourcesBuildPhase section */
		D429422523F10A1500A6F707 /* Sources */ = {
			isa = PBXSourcesBuildPhase;
			buildActionMask = 2147483647;
			files = (
				D429422D23F10A1500A6F707 /* AppDelegate.swift in Sources */,
				D429423F23F112CC00A6F707 /* HomeViewController.swift in Sources */,
				D499243523F25BAF004E0405 /* SystemCallManager.swift in Sources */,
				D4A8C3AA23F6989F00548E24 /* Reporter.swift in Sources */,
				D40FC04223F118F800A50A8C /* InstanceManager.swift in Sources */,
				D40FC04623F11AE500A50A8C /* CallingViewController.swift in Sources */,
				D4D1C11123FBCB60006D40B4 /* StringeeCallCenter.swift.swift in Sources */,
			);
			runOnlyForDeploymentPostprocessing = 0;
		};
/* End PBXSourcesBuildPhase section */

/* Begin PBXVariantGroup section */
		D429423023F10A1500A6F707 /* Main.storyboard */ = {
			isa = PBXVariantGroup;
			children = (
				D429423123F10A1500A6F707 /* Base */,
			);
			name = Main.storyboard;
			sourceTree = "<group>";
		};
		D429423523F10A1800A6F707 /* LaunchScreen.storyboard */ = {
			isa = PBXVariantGroup;
			children = (
				D429423623F10A1800A6F707 /* Base */,
			);
			name = LaunchScreen.storyboard;
			sourceTree = "<group>";
		};
/* End PBXVariantGroup section */

/* Begin XCBuildConfiguration section */
		D429423923F10A1800A6F707 /* Debug */ = {
			isa = XCBuildConfiguration;
			buildSettings = {
				ALWAYS_SEARCH_USER_PATHS = NO;
				CLANG_ANALYZER_NONNULL = YES;
				CLANG_ANALYZER_NUMBER_OBJECT_CONVERSION = YES_AGGRESSIVE;
				CLANG_CXX_LANGUAGE_STANDARD = "gnu++14";
				CLANG_CXX_LIBRARY = "libc++";
				CLANG_ENABLE_MODULES = YES;
				CLANG_ENABLE_OBJC_ARC = YES;
				CLANG_ENABLE_OBJC_WEAK = YES;
				CLANG_WARN_BLOCK_CAPTURE_AUTORELEASING = YES;
				CLANG_WARN_BOOL_CONVERSION = YES;
				CLANG_WARN_COMMA = YES;
				CLANG_WARN_CONSTANT_CONVERSION = YES;
				CLANG_WARN_DEPRECATED_OBJC_IMPLEMENTATIONS = YES;
				CLANG_WARN_DIRECT_OBJC_ISA_USAGE = YES_ERROR;
				CLANG_WARN_DOCUMENTATION_COMMENTS = YES;
				CLANG_WARN_EMPTY_BODY = YES;
				CLANG_WARN_ENUM_CONVERSION = YES;
				CLANG_WARN_INFINITE_RECURSION = YES;
				CLANG_WARN_INT_CONVERSION = YES;
				CLANG_WARN_NON_LITERAL_NULL_CONVERSION = YES;
				CLANG_WARN_OBJC_IMPLICIT_RETAIN_SELF = YES;
				CLANG_WARN_OBJC_LITERAL_CONVERSION = YES;
				CLANG_WARN_OBJC_ROOT_CLASS = YES_ERROR;
				CLANG_WARN_RANGE_LOOP_ANALYSIS = YES;
				CLANG_WARN_STRICT_PROTOTYPES = YES;
				CLANG_WARN_SUSPICIOUS_MOVE = YES;
				CLANG_WARN_UNGUARDED_AVAILABILITY = YES_AGGRESSIVE;
				CLANG_WARN_UNREACHABLE_CODE = YES;
				CLANG_WARN__DUPLICATE_METHOD_MATCH = YES;
				CODE_SIGN_IDENTITY = "iPhone Developer";
				COPY_PHASE_STRIP = NO;
				DEBUG_INFORMATION_FORMAT = dwarf;
				ENABLE_BITCODE = NO;
				ENABLE_STRICT_OBJC_MSGSEND = YES;
				ENABLE_TESTABILITY = YES;
				GCC_C_LANGUAGE_STANDARD = gnu11;
				GCC_DYNAMIC_NO_PIC = NO;
				GCC_NO_COMMON_BLOCKS = YES;
				GCC_OPTIMIZATION_LEVEL = 0;
				GCC_PREPROCESSOR_DEFINITIONS = (
					"DEBUG=1",
					"$(inherited)",
				);
				GCC_WARN_64_TO_32_BIT_CONVERSION = YES;
				GCC_WARN_ABOUT_RETURN_TYPE = YES_ERROR;
				GCC_WARN_UNDECLARED_SELECTOR = YES;
				GCC_WARN_UNINITIALIZED_AUTOS = YES_AGGRESSIVE;
				GCC_WARN_UNUSED_FUNCTION = YES;
				GCC_WARN_UNUSED_VARIABLE = YES;
				IPHONEOS_DEPLOYMENT_TARGET = 12.4;
				MTL_ENABLE_DEBUG_INFO = INCLUDE_SOURCE;
				MTL_FAST_MATH = YES;
				ONLY_ACTIVE_ARCH = YES;
				SDKROOT = iphoneos;
				SWIFT_ACTIVE_COMPILATION_CONDITIONS = DEBUG;
				SWIFT_OPTIMIZATION_LEVEL = "-Onone";
			};
			name = Debug;
		};
		D429423A23F10A1800A6F707 /* Release */ = {
			isa = XCBuildConfiguration;
			buildSettings = {
				ALWAYS_SEARCH_USER_PATHS = NO;
				CLANG_ANALYZER_NONNULL = YES;
				CLANG_ANALYZER_NUMBER_OBJECT_CONVERSION = YES_AGGRESSIVE;
				CLANG_CXX_LANGUAGE_STANDARD = "gnu++14";
				CLANG_CXX_LIBRARY = "libc++";
				CLANG_ENABLE_MODULES = YES;
				CLANG_ENABLE_OBJC_ARC = YES;
				CLANG_ENABLE_OBJC_WEAK = YES;
				CLANG_WARN_BLOCK_CAPTURE_AUTORELEASING = YES;
				CLANG_WARN_BOOL_CONVERSION = YES;
				CLANG_WARN_COMMA = YES;
				CLANG_WARN_CONSTANT_CONVERSION = YES;
				CLANG_WARN_DEPRECATED_OBJC_IMPLEMENTATIONS = YES;
				CLANG_WARN_DIRECT_OBJC_ISA_USAGE = YES_ERROR;
				CLANG_WARN_DOCUMENTATION_COMMENTS = YES;
				CLANG_WARN_EMPTY_BODY = YES;
				CLANG_WARN_ENUM_CONVERSION = YES;
				CLANG_WARN_INFINITE_RECURSION = YES;
				CLANG_WARN_INT_CONVERSION = YES;
				CLANG_WARN_NON_LITERAL_NULL_CONVERSION = YES;
				CLANG_WARN_OBJC_IMPLICIT_RETAIN_SELF = YES;
				CLANG_WARN_OBJC_LITERAL_CONVERSION = YES;
				CLANG_WARN_OBJC_ROOT_CLASS = YES_ERROR;
				CLANG_WARN_RANGE_LOOP_ANALYSIS = YES;
				CLANG_WARN_STRICT_PROTOTYPES = YES;
				CLANG_WARN_SUSPICIOUS_MOVE = YES;
				CLANG_WARN_UNGUARDED_AVAILABILITY = YES_AGGRESSIVE;
				CLANG_WARN_UNREACHABLE_CODE = YES;
				CLANG_WARN__DUPLICATE_METHOD_MATCH = YES;
				CODE_SIGN_IDENTITY = "iPhone Developer";
				COPY_PHASE_STRIP = NO;
				DEBUG_INFORMATION_FORMAT = "dwarf-with-dsym";
				ENABLE_BITCODE = NO;
				ENABLE_NS_ASSERTIONS = NO;
				ENABLE_STRICT_OBJC_MSGSEND = YES;
				GCC_C_LANGUAGE_STANDARD = gnu11;
				GCC_NO_COMMON_BLOCKS = YES;
				GCC_WARN_64_TO_32_BIT_CONVERSION = YES;
				GCC_WARN_ABOUT_RETURN_TYPE = YES_ERROR;
				GCC_WARN_UNDECLARED_SELECTOR = YES;
				GCC_WARN_UNINITIALIZED_AUTOS = YES_AGGRESSIVE;
				GCC_WARN_UNUSED_FUNCTION = YES;
				GCC_WARN_UNUSED_VARIABLE = YES;
				IPHONEOS_DEPLOYMENT_TARGET = 12.4;
				MTL_ENABLE_DEBUG_INFO = NO;
				MTL_FAST_MATH = YES;
				SDKROOT = iphoneos;
				SWIFT_COMPILATION_MODE = wholemodule;
				SWIFT_OPTIMIZATION_LEVEL = "-O";
				VALIDATE_PRODUCT = YES;
			};
			name = Release;
		};
		D429423C23F10A1800A6F707 /* Debug */ = {
			isa = XCBuildConfiguration;
			baseConfigurationReference = AC88DD8CC733E16115FB7DC0 /* Pods-CallkitSample-Swift.debug.xcconfig */;
			buildSettings = {
				ASSETCATALOG_COMPILER_APPICON_NAME = AppIcon;
				CLANG_ENABLE_MODULES = YES;
				CODE_SIGN_ENTITLEMENTS = "CallkitSample-Swift/CallkitSample-Swift.entitlements";
				CODE_SIGN_IDENTITY = "iPhone Developer";
				CODE_SIGN_STYLE = Manual;
				DEVELOPMENT_TEAM = 9L439MV268;
				ENABLE_BITCODE = NO;
				FRAMEWORK_SEARCH_PATHS = (
					"$(inherited)",
					"$(PROJECT_DIR)/CallkitSample-Swift",
					"$(SRCROOT)",
				);
				INFOPLIST_FILE = "CallkitSample-Swift/Info.plist";
				IPHONEOS_DEPLOYMENT_TARGET = 10.0;
				LD_RUNPATH_SEARCH_PATHS = (
					"$(inherited)",
					"@executable_path/Frameworks",
				);
				OTHER_LDFLAGS = "-ObjC";
				PRODUCT_BUNDLE_IDENTIFIER = com.stringee.CallkitSample;
				PRODUCT_NAME = "$(TARGET_NAME)";
				PROVISIONING_PROFILE_SPECIFIER = CallkitProDev;
				SWIFT_OBJC_BRIDGING_HEADER = "CallkitSample-Swift/CallkitSample-Swift-Bridging-Header.h";
				SWIFT_OPTIMIZATION_LEVEL = "-Onone";
				SWIFT_VERSION = 5.0;
				TARGETED_DEVICE_FAMILY = "1,2";
			};
			name = Debug;
		};
		D429423D23F10A1800A6F707 /* Release */ = {
			isa = XCBuildConfiguration;
			baseConfigurationReference = A6CAC93248F759CB0E8DBF99 /* Pods-CallkitSample-Swift.release.xcconfig */;
			buildSettings = {
				ASSETCATALOG_COMPILER_APPICON_NAME = AppIcon;
				CLANG_ENABLE_MODULES = YES;
				CODE_SIGN_ENTITLEMENTS = "CallkitSample-Swift/CallkitSample-Swift.entitlements";
				CODE_SIGN_IDENTITY = "iPhone Developer";
				CODE_SIGN_STYLE = Manual;
				DEVELOPMENT_TEAM = 9L439MV268;
				ENABLE_BITCODE = NO;
				FRAMEWORK_SEARCH_PATHS = (
					"$(inherited)",
					"$(PROJECT_DIR)/CallkitSample-Swift",
					"$(SRCROOT)",
				);
				INFOPLIST_FILE = "CallkitSample-Swift/Info.plist";
				IPHONEOS_DEPLOYMENT_TARGET = 10.0;
				LD_RUNPATH_SEARCH_PATHS = (
					"$(inherited)",
					"@executable_path/Frameworks",
				);
				OTHER_LDFLAGS = "-ObjC";
				PRODUCT_BUNDLE_IDENTIFIER = com.stringee.CallkitSample;
				PRODUCT_NAME = "$(TARGET_NAME)";
				PROVISIONING_PROFILE_SPECIFIER = CallkitProDev;
				SWIFT_OBJC_BRIDGING_HEADER = "CallkitSample-Swift/CallkitSample-Swift-Bridging-Header.h";
				SWIFT_VERSION = 5.0;
				TARGETED_DEVICE_FAMILY = "1,2";
			};
			name = Release;
		};
/* End XCBuildConfiguration section */

/* Begin XCConfigurationList section */
		D429422423F10A1500A6F707 /* Build configuration list for PBXProject "CallkitSample-Swift" */ = {
			isa = XCConfigurationList;
			buildConfigurations = (
				D429423923F10A1800A6F707 /* Debug */,
				D429423A23F10A1800A6F707 /* Release */,
			);
			defaultConfigurationIsVisible = 0;
			defaultConfigurationName = Release;
		};
		D429423B23F10A1800A6F707 /* Build configuration list for PBXNativeTarget "CallkitSample-Swift" */ = {
			isa = XCConfigurationList;
			buildConfigurations = (
				D429423C23F10A1800A6F707 /* Debug */,
				D429423D23F10A1800A6F707 /* Release */,
			);
			defaultConfigurationIsVisible = 0;
			defaultConfigurationName = Release;
		};
/* End XCConfigurationList section */
	};
	rootObject = D429422123F10A1500A6F707 /* Project object */;
}
